// !$*UTF8*$!
{
	archiveVersion = 1;
	classes = {
	};
	objectVersion = 46;
	objects = {

/* Begin PBXBuildFile section */
		2CA2D86C17303087172C5B81 /* Pods_MGPhotoPicker_Demo.framework in Frameworks */ = {isa = PBXBuildFile; fileRef = 627EE33C103E99B92B7F1AE4 /* Pods_MGPhotoPicker_Demo.framework */; };
		737F2CF641573F88207AC50B /* Pods_MGPhotoPicker_DemoUITests.framework in Frameworks */ = {isa = PBXBuildFile; fileRef = 1DB501626581CDE21B88497A /* Pods_MGPhotoPicker_DemoUITests.framework */; };
		B4FB0FF7F5E07ED9D3EB3794 /* Pods_MGPhotoPicker_DemoTests.framework in Frameworks */ = {isa = PBXBuildFile; fileRef = E413B9970A8355B6C7D91EE6 /* Pods_MGPhotoPicker_DemoTests.framework */; };
		E42227751F4192FE00A60046 /* Assets.xcassets in Resources */ = {isa = PBXBuildFile; fileRef = E42227741F4192FE00A60046 /* Assets.xcassets */; };
		E4222B101F43DDEF00A60046 /* CLImageEditor.bundle in Resources */ = {isa = PBXBuildFile; fileRef = E4222A7E1F43DDEE00A60046 /* CLImageEditor.bundle */; };
		E4222B111F43DDEF00A60046 /* CLImageEditor.m in Sources */ = {isa = PBXBuildFile; fileRef = E4222A801F43DDEE00A60046 /* CLImageEditor.m */; };
		E4222B121F43DDEF00A60046 /* CLImageEditorTheme.m in Sources */ = {isa = PBXBuildFile; fileRef = E4222A821F43DDEE00A60046 /* CLImageEditorTheme.m */; };
		E4222B131F43DDEF00A60046 /* CLImageToolInfo.m in Sources */ = {isa = PBXBuildFile; fileRef = E4222A841F43DDEE00A60046 /* CLImageToolInfo.m */; };
		E4222B141F43DDEF00A60046 /* CLAdjustmentTool.m in Sources */ = {isa = PBXBuildFile; fileRef = E4222A881F43DDEE00A60046 /* CLAdjustmentTool.m */; };
		E4222B151F43DDEF00A60046 /* CLBlurTool.m in Sources */ = {isa = PBXBuildFile; fileRef = E4222A8B1F43DDEE00A60046 /* CLBlurTool.m */; };
		E4222B161F43DDEF00A60046 /* CLClippingTool.m in Sources */ = {isa = PBXBuildFile; fileRef = E4222A8E1F43DDEE00A60046 /* CLClippingTool.m */; };
		E4222B171F43DDEF00A60046 /* CLDrawTool.m in Sources */ = {isa = PBXBuildFile; fileRef = E4222A911F43DDEE00A60046 /* CLDrawTool.m */; };
		E4222B181F43DDEF00A60046 /* CLBloomEffect.m in Sources */ = {isa = PBXBuildFile; fileRef = E4222A951F43DDEE00A60046 /* CLBloomEffect.m */; };
		E4222B191F43DDEF00A60046 /* CLGloomEffect.m in Sources */ = {isa = PBXBuildFile; fileRef = E4222A971F43DDEE00A60046 /* CLGloomEffect.m */; };
		E4222B1A1F43DDEF00A60046 /* CLHighlightShadowEffect.m in Sources */ = {isa = PBXBuildFile; fileRef = E4222A991F43DDEE00A60046 /* CLHighlightShadowEffect.m */; };
		E4222B1B1F43DDEF00A60046 /* CLHueEffect.m in Sources */ = {isa = PBXBuildFile; fileRef = E4222A9B1F43DDEE00A60046 /* CLHueEffect.m */; };
		E4222B1C1F43DDEF00A60046 /* CLPixellateEffect.m in Sources */ = {isa = PBXBuildFile; fileRef = E4222A9D1F43DDEE00A60046 /* CLPixellateEffect.m */; };
		E4222B1D1F43DDEF00A60046 /* CLPosterizeEffect.m in Sources */ = {isa = PBXBuildFile; fileRef = E4222A9F1F43DDEE00A60046 /* CLPosterizeEffect.m */; };
		E4222B1E1F43DDEF00A60046 /* CLSpotEffect.m in Sources */ = {isa = PBXBuildFile; fileRef = E4222AA11F43DDEE00A60046 /* CLSpotEffect.m */; };
		E4222B1F1F43DDEF00A60046 /* CLEffectBase.m in Sources */ = {isa = PBXBuildFile; fileRef = E4222AA31F43DDEE00A60046 /* CLEffectBase.m */; };
		E4222B201F43DDEF00A60046 /* CLEffectTool.m in Sources */ = {isa = PBXBuildFile; fileRef = E4222AA51F43DDEE00A60046 /* CLEffectTool.m */; };
		E4222B211F43DDEF00A60046 /* CLFilterBase.m in Sources */ = {isa = PBXBuildFile; fileRef = E4222AA81F43DDEE00A60046 /* CLFilterBase.m */; };
		E4222B221F43DDEF00A60046 /* CLFilterTool.m in Sources */ = {isa = PBXBuildFile; fileRef = E4222AAA1F43DDEE00A60046 /* CLFilterTool.m */; };
		E4222B231F43DDEF00A60046 /* CLImageToolBase.m in Sources */ = {isa = PBXBuildFile; fileRef = E4222AAC1F43DDEE00A60046 /* CLImageToolBase.m */; };
		E4222B241F43DDEF00A60046 /* CLRotateTool.m in Sources */ = {isa = PBXBuildFile; fileRef = E4222AAF1F43DDEE00A60046 /* CLRotateTool.m */; };
		E4222B251F43DDEF00A60046 /* CLToneCurveTool.m in Sources */ = {isa = PBXBuildFile; fileRef = E4222AB21F43DDEE00A60046 /* CLToneCurveTool.m */; };
		E4222B261F43DDEF00A60046 /* CLCircleView.m in Sources */ = {isa = PBXBuildFile; fileRef = E4222AB51F43DDEE00A60046 /* CLCircleView.m */; };
		E4222B271F43DDEF00A60046 /* CLColorPickerView.m in Sources */ = {isa = PBXBuildFile; fileRef = E4222AB71F43DDEE00A60046 /* CLColorPickerView.m */; };
		E4222B281F43DDEF00A60046 /* CLImageEditorTheme+Private.m in Sources */ = {isa = PBXBuildFile; fileRef = E4222AB91F43DDEE00A60046 /* CLImageEditorTheme+Private.m */; };
		E4222B291F43DDEF00A60046 /* CLImageToolInfo+Private.m in Sources */ = {isa = PBXBuildFile; fileRef = E4222ABB1F43DDEE00A60046 /* CLImageToolInfo+Private.m */; };
		E4222B2A1F43DDEF00A60046 /* CLToolbarMenuItem.m in Sources */ = {isa = PBXBuildFile; fileRef = E4222ABF1F43DDEE00A60046 /* CLToolbarMenuItem.m */; };
		E4222B2B1F43DDEF00A60046 /* UIView+CLImageToolInfo.m in Sources */ = {isa = PBXBuildFile; fileRef = E4222AC11F43DDEF00A60046 /* UIView+CLImageToolInfo.m */; };
		E4222B2C1F43DDEF00A60046 /* CLClassList.m in Sources */ = {isa = PBXBuildFile; fileRef = E4222AC41F43DDEF00A60046 /* CLClassList.m */; };
		E4222B2D1F43DDEF00A60046 /* CLSplineInterpolator.m in Sources */ = {isa = PBXBuildFile; fileRef = E4222AC61F43DDEF00A60046 /* CLSplineInterpolator.m */; };
		E4222B2E1F43DDEF00A60046 /* UIDevice+SystemVersion.m in Sources */ = {isa = PBXBuildFile; fileRef = E4222AC81F43DDEF00A60046 /* UIDevice+SystemVersion.m */; };
		E4222B2F1F43DDEF00A60046 /* UIImage+Utility.m in Sources */ = {isa = PBXBuildFile; fileRef = E4222ACA1F43DDEF00A60046 /* UIImage+Utility.m */; };
		E4222B301F43DDEF00A60046 /* UIView+Frame.m in Sources */ = {isa = PBXBuildFile; fileRef = E4222ACC1F43DDEF00A60046 /* UIView+Frame.m */; };
		E4222B311F43DDEF00A60046 /* _CLImageEditorViewController.m in Sources */ = {isa = PBXBuildFile; fileRef = E4222ACF1F43DDEF00A60046 /* _CLImageEditorViewController.m */; };
		E4222B321F43DDEF00A60046 /* CLEmoticonTool.m in Sources */ = {isa = PBXBuildFile; fileRef = E4222AD31F43DDEF00A60046 /* CLEmoticonTool.m */; };
		E4222B331F43DDEF00A60046 /* CLGPUImageVignetteFilter.m in Sources */ = {isa = PBXBuildFile; fileRef = E4222AD61F43DDEF00A60046 /* CLGPUImageVignetteFilter.m */; };
		E4222B341F43DDEF00A60046 /* CLResizeTool.m in Sources */ = {isa = PBXBuildFile; fileRef = E4222AD91F43DDEF00A60046 /* CLResizeTool.m */; };
		E4222B351F43DDEF00A60046 /* CLSplashTool.m in Sources */ = {isa = PBXBuildFile; fileRef = E4222ADC1F43DDEF00A60046 /* CLSplashTool.m */; };
		E4222B361F43DDEF00A60046 /* CLStickerTool.m in Sources */ = {isa = PBXBuildFile; fileRef = E4222ADF1F43DDEF00A60046 /* CLStickerTool.m */; };
		E4222B371F43DDEF00A60046 /* CLFontPickerView.m in Sources */ = {isa = PBXBuildFile; fileRef = E4222AE21F43DDEF00A60046 /* CLFontPickerView.m */; };
		E4222B381F43DDEF00A60046 /* CLPickerDrum.m in Sources */ = {isa = PBXBuildFile; fileRef = E4222AE41F43DDEF00A60046 /* CLPickerDrum.m */; };
		E4222B391F43DDEF00A60046 /* CLPickerView.m in Sources */ = {isa = PBXBuildFile; fileRef = E4222AE61F43DDEF00A60046 /* CLPickerView.m */; };
		E4222B3A1F43DDEF00A60046 /* CLTextLabel.m in Sources */ = {isa = PBXBuildFile; fileRef = E4222AE81F43DDEF00A60046 /* CLTextLabel.m */; };
		E4222B3B1F43DDEF00A60046 /* CLTextSettingView.m in Sources */ = {isa = PBXBuildFile; fileRef = E4222AEA1F43DDEF00A60046 /* CLTextSettingView.m */; };
		E4222B3C1F43DDEF00A60046 /* CLTextTool.m in Sources */ = {isa = PBXBuildFile; fileRef = E4222AEC1F43DDEF00A60046 /* CLTextTool.m */; };
		E4222B3D1F43DDEF00A60046 /* MGImageModel.swift in Sources */ = {isa = PBXBuildFile; fileRef = E4222AED1F43DDEF00A60046 /* MGImageModel.swift */; };
		E4222B3E1F43DDEF00A60046 /* MGPhotoPicker.swift in Sources */ = {isa = PBXBuildFile; fileRef = E4222AEE1F43DDEF00A60046 /* MGPhotoPicker.swift */; };
		E4222B3F1F43DDEF00A60046 /* BasePhotoViewController.swift in Sources */ = {isa = PBXBuildFile; fileRef = E4222AF11F43DDEF00A60046 /* BasePhotoViewController.swift */; };
		E4222B401F43DDEF00A60046 /* MGAlbumViewController.swift in Sources */ = {isa = PBXBuildFile; fileRef = E4222AF21F43DDEF00A60046 /* MGAlbumViewController.swift */; };
		E4222B411F43DDEF00A60046 /* MGAlbumViewController.xib in Resources */ = {isa = PBXBuildFile; fileRef = E4222AF31F43DDEF00A60046 /* MGAlbumViewController.xib */; };
		E4222B421F43DDEF00A60046 /* MGGrounpPhotosViewController.swift in Sources */ = {isa = PBXBuildFile; fileRef = E4222AF41F43DDEF00A60046 /* MGGrounpPhotosViewController.swift */; };
		E4222B431F43DDEF00A60046 /* MGGrounpPhotosViewController.xib in Resources */ = {isa = PBXBuildFile; fileRef = E4222AF51F43DDEF00A60046 /* MGGrounpPhotosViewController.xib */; };
		E4222B441F43DDEF00A60046 /* MGPhotoAnimator.swift in Sources */ = {isa = PBXBuildFile; fileRef = E4222AF61F43DDEF00A60046 /* MGPhotoAnimator.swift */; };
		E4222B451F43DDEF00A60046 /* MGPickerViewController.swift in Sources */ = {isa = PBXBuildFile; fileRef = E4222AF71F43DDEF00A60046 /* MGPickerViewController.swift */; };
		E4222B461F43DDEF00A60046 /* MGPreViewImageController.swift in Sources */ = {isa = PBXBuildFile; fileRef = E4222AF81F43DDEF00A60046 /* MGPreViewImageController.swift */; };
		E4222B471F43DDEF00A60046 /* MGPreViewImageController.xib in Resources */ = {isa = PBXBuildFile; fileRef = E4222AF91F43DDEF00A60046 /* MGPreViewImageController.xib */; };
		E4222B481F43DDEF00A60046 /* MGAlbumCell.swift in Sources */ = {isa = PBXBuildFile; fileRef = E4222AFB1F43DDEF00A60046 /* MGAlbumCell.swift */; };
		E4222B491F43DDEF00A60046 /* MGAlbumCell.xib in Resources */ = {isa = PBXBuildFile; fileRef = E4222AFC1F43DDEF00A60046 /* MGAlbumCell.xib */; };
		E4222B4A1F43DDEF00A60046 /* MGPreViewCell.swift in Sources */ = {isa = PBXBuildFile; fileRef = E4222AFD1F43DDEF00A60046 /* MGPreViewCell.swift */; };
		E4222B4B1F43DDEF00A60046 /* MGPreViewCell.xib in Resources */ = {isa = PBXBuildFile; fileRef = E4222AFE1F43DDEF00A60046 /* MGPreViewCell.xib */; };
		E4222B4C1F43DDEF00A60046 /* MGZoomView.swift in Sources */ = {isa = PBXBuildFile; fileRef = E4222AFF1F43DDEF00A60046 /* MGZoomView.swift */; };
		E4222B4D1F43DDEF00A60046 /* MGPhotoPickerTools.swift in Sources */ = {isa = PBXBuildFile; fileRef = E4222B001F43DDEF00A60046 /* MGPhotoPickerTools.swift */; };
		E4222B4E1F43DDEF00A60046 /* LGCameraImageView.m in Sources */ = {isa = PBXBuildFile; fileRef = E4222B031F43DDEF00A60046 /* LGCameraImageView.m */; };
		E4222B4F1F43DDEF00A60046 /* SCSlider.m in Sources */ = {isa = PBXBuildFile; fileRef = E4222B071F43DDEF00A60046 /* SCSlider.m */; };
		E4222B501F43DDEF00A60046 /* ZLCamera.m in Sources */ = {isa = PBXBuildFile; fileRef = E4222B091F43DDEF00A60046 /* ZLCamera.m */; };
		E4222B511F43DDEF00A60046 /* ZLCameraImageView.m in Sources */ = {isa = PBXBuildFile; fileRef = E4222B0B1F43DDEF00A60046 /* ZLCameraImageView.m */; };
		E4222B521F43DDEF00A60046 /* ZLCameraView.m in Sources */ = {isa = PBXBuildFile; fileRef = E4222B0D1F43DDEF00A60046 /* ZLCameraView.m */; };
		E4222B531F43DDEF00A60046 /* ZLCameraViewController.m in Sources */ = {isa = PBXBuildFile; fileRef = E4222B0F1F43DDEF00A60046 /* ZLCameraViewController.m */; };
		E4222B591F443BDA00A60046 /* Camera.bundle in Resources */ = {isa = PBXBuildFile; fileRef = E4222B581F443BDA00A60046 /* Camera.bundle */; };
		E4222B6D1F443F6300A60046 /* camera_icon@2x.png in Resources */ = {isa = PBXBuildFile; fileRef = E4222B5B1F443F6300A60046 /* camera_icon@2x.png */; };
		E4222B6E1F443F6300A60046 /* camera_icon@3x.png in Resources */ = {isa = PBXBuildFile; fileRef = E4222B5C1F443F6300A60046 /* camera_icon@3x.png */; };
		E4222B6F1F443F6300A60046 /* cancel_icon@2x.png in Resources */ = {isa = PBXBuildFile; fileRef = E4222B5D1F443F6300A60046 /* cancel_icon@2x.png */; };
		E4222B701F443F6300A60046 /* cancel_icon@3x.png in Resources */ = {isa = PBXBuildFile; fileRef = E4222B5E1F443F6300A60046 /* cancel_icon@3x.png */; };
		E4222B711F443F6300A60046 /* confirm_icon@2x.png in Resources */ = {isa = PBXBuildFile; fileRef = E4222B5F1F443F6300A60046 /* confirm_icon@2x.png */; };
		E4222B721F443F6300A60046 /* confirm_icon@3x.png in Resources */ = {isa = PBXBuildFile; fileRef = E4222B601F443F6300A60046 /* confirm_icon@3x.png */; };
		E4222B731F443F6300A60046 /* edit_icon@2x.png in Resources */ = {isa = PBXBuildFile; fileRef = E4222B611F443F6300A60046 /* edit_icon@2x.png */; };
		E4222B741F443F6300A60046 /* edit_icon@3x.png in Resources */ = {isa = PBXBuildFile; fileRef = E4222B621F443F6300A60046 /* edit_icon@3x.png */; };
		E4222B751F443F6300A60046 /* ic_closeView@2x.png in Resources */ = {isa = PBXBuildFile; fileRef = E4222B631F443F6300A60046 /* ic_closeView@2x.png */; };
		E4222B761F443F6300A60046 /* ic_closeView@3x.png in Resources */ = {isa = PBXBuildFile; fileRef = E4222B641F443F6300A60046 /* ic_closeView@3x.png */; };
		E4222B771F443F6300A60046 /* photo_icon@2x.png in Resources */ = {isa = PBXBuildFile; fileRef = E4222B651F443F6300A60046 /* photo_icon@2x.png */; };
		E4222B781F443F6300A60046 /* photo_icon@3x.png in Resources */ = {isa = PBXBuildFile; fileRef = E4222B661F443F6300A60046 /* photo_icon@3x.png */; };
		E4222B791F443F6300A60046 /* pic_selectedIcon@2x.png in Resources */ = {isa = PBXBuildFile; fileRef = E4222B671F443F6300A60046 /* pic_selectedIcon@2x.png */; };
		E4222B7A1F443F6300A60046 /* pic_selectedIcon@3x.png in Resources */ = {isa = PBXBuildFile; fileRef = E4222B681F443F6300A60046 /* pic_selectedIcon@3x.png */; };
		E4222B7B1F443F6300A60046 /* pic_unSelectedIcon@2x.png in Resources */ = {isa = PBXBuildFile; fileRef = E4222B691F443F6300A60046 /* pic_unSelectedIcon@2x.png */; };
		E4222B7C1F443F6300A60046 /* pic_unSelectedIcon@3x.png in Resources */ = {isa = PBXBuildFile; fileRef = E4222B6A1F443F6300A60046 /* pic_unSelectedIcon@3x.png */; };
		E4222B7D1F443F6300A60046 /* preview_icon@2x.png in Resources */ = {isa = PBXBuildFile; fileRef = E4222B6B1F443F6300A60046 /* preview_icon@2x.png */; };
		E4222B7E1F443F6300A60046 /* preview_icon@3x.png in Resources */ = {isa = PBXBuildFile; fileRef = E4222B6C1F443F6300A60046 /* preview_icon@3x.png */; };
		E4F4272C1F4000880011CAD0 /* AppDelegate.swift in Sources */ = {isa = PBXBuildFile; fileRef = E4F4272B1F4000880011CAD0 /* AppDelegate.swift */; };
		E4F4272E1F4000880011CAD0 /* ViewController.swift in Sources */ = {isa = PBXBuildFile; fileRef = E4F4272D1F4000880011CAD0 /* ViewController.swift */; };
		E4F427311F4000880011CAD0 /* Main.storyboard in Resources */ = {isa = PBXBuildFile; fileRef = E4F4272F1F4000880011CAD0 /* Main.storyboard */; };
		E4F427361F4000880011CAD0 /* LaunchScreen.storyboard in Resources */ = {isa = PBXBuildFile; fileRef = E4F427341F4000880011CAD0 /* LaunchScreen.storyboard */; };
		E4F427411F4000880011CAD0 /* MGPhotoPicker_DemoTests.swift in Sources */ = {isa = PBXBuildFile; fileRef = E4F427401F4000880011CAD0 /* MGPhotoPicker_DemoTests.swift */; };
		E4F4274C1F4000880011CAD0 /* MGPhotoPicker_DemoUITests.swift in Sources */ = {isa = PBXBuildFile; fileRef = E4F4274B1F4000880011CAD0 /* MGPhotoPicker_DemoUITests.swift */; };
		E4F4281B1F4004110011CAD0 /* AssetsLibrary.framework in Frameworks */ = {isa = PBXBuildFile; fileRef = E4F4281A1F4004110011CAD0 /* AssetsLibrary.framework */; };
		E4F4281D1F4004580011CAD0 /* Photos.framework in Frameworks */ = {isa = PBXBuildFile; fileRef = E4F4281C1F4004580011CAD0 /* Photos.framework */; };
/* End PBXBuildFile section */

/* Begin PBXContainerItemProxy section */
		E4F4273D1F4000880011CAD0 /* PBXContainerItemProxy */ = {
			isa = PBXContainerItemProxy;
			containerPortal = E4F427201F4000880011CAD0 /* Project object */;
			proxyType = 1;
			remoteGlobalIDString = E4F427271F4000880011CAD0;
			remoteInfo = "MGPhotoPicker-Demo";
		};
		E4F427481F4000880011CAD0 /* PBXContainerItemProxy */ = {
			isa = PBXContainerItemProxy;
			containerPortal = E4F427201F4000880011CAD0 /* Project object */;
			proxyType = 1;
			remoteGlobalIDString = E4F427271F4000880011CAD0;
			remoteInfo = "MGPhotoPicker-Demo";
		};
/* End PBXContainerItemProxy section */

/* Begin PBXFileReference section */
		09C1431FFD5E581584A2FCA9 /* Pods-MGPhotoPicker-Demo.debug.xcconfig */ = {isa = PBXFileReference; includeInIndex = 1; lastKnownFileType = text.xcconfig; name = "Pods-MGPhotoPicker-Demo.debug.xcconfig"; path = "Pods/Target Support Files/Pods-MGPhotoPicker-Demo/Pods-MGPhotoPicker-Demo.debug.xcconfig"; sourceTree = "<group>"; };
		0A25B824031CD9342EA57E96 /* Pods-MGPhotoPicker-DemoUITests.release.xcconfig */ = {isa = PBXFileReference; includeInIndex = 1; lastKnownFileType = text.xcconfig; name = "Pods-MGPhotoPicker-DemoUITests.release.xcconfig"; path = "Pods/Target Support Files/Pods-MGPhotoPicker-DemoUITests/Pods-MGPhotoPicker-DemoUITests.release.xcconfig"; sourceTree = "<group>"; };
		1DB501626581CDE21B88497A /* Pods_MGPhotoPicker_DemoUITests.framework */ = {isa = PBXFileReference; explicitFileType = wrapper.framework; includeInIndex = 0; path = Pods_MGPhotoPicker_DemoUITests.framework; sourceTree = BUILT_PRODUCTS_DIR; };
		627EE33C103E99B92B7F1AE4 /* Pods_MGPhotoPicker_Demo.framework */ = {isa = PBXFileReference; explicitFileType = wrapper.framework; includeInIndex = 0; path = Pods_MGPhotoPicker_Demo.framework; sourceTree = BUILT_PRODUCTS_DIR; };
		C530EC16DC0F9567B94A7BDF /* Pods-MGPhotoPicker-DemoUITests.debug.xcconfig */ = {isa = PBXFileReference; includeInIndex = 1; lastKnownFileType = text.xcconfig; name = "Pods-MGPhotoPicker-DemoUITests.debug.xcconfig"; path = "Pods/Target Support Files/Pods-MGPhotoPicker-DemoUITests/Pods-MGPhotoPicker-DemoUITests.debug.xcconfig"; sourceTree = "<group>"; };
		E413B9970A8355B6C7D91EE6 /* Pods_MGPhotoPicker_DemoTests.framework */ = {isa = PBXFileReference; explicitFileType = wrapper.framework; includeInIndex = 0; path = Pods_MGPhotoPicker_DemoTests.framework; sourceTree = BUILT_PRODUCTS_DIR; };
		E42227741F4192FE00A60046 /* Assets.xcassets */ = {isa = PBXFileReference; lastKnownFileType = folder.assetcatalog; path = Assets.xcassets; sourceTree = "<group>"; };
		E4222A7E1F43DDEE00A60046 /* CLImageEditor.bundle */ = {isa = PBXFileReference; lastKnownFileType = "wrapper.plug-in"; path = CLImageEditor.bundle; sourceTree = "<group>"; };
		E4222A7F1F43DDEE00A60046 /* CLImageEditor.h */ = {isa = PBXFileReference; fileEncoding = 4; lastKnownFileType = sourcecode.c.h; path = CLImageEditor.h; sourceTree = "<group>"; };
		E4222A801F43DDEE00A60046 /* CLImageEditor.m */ = {isa = PBXFileReference; fileEncoding = 4; lastKnownFileType = sourcecode.c.objc; path = CLImageEditor.m; sourceTree = "<group>"; };
		E4222A811F43DDEE00A60046 /* CLImageEditorTheme.h */ = {isa = PBXFileReference; fileEncoding = 4; lastKnownFileType = sourcecode.c.h; path = CLImageEditorTheme.h; sourceTree = "<group>"; };
		E4222A821F43DDEE00A60046 /* CLImageEditorTheme.m */ = {isa = PBXFileReference; fileEncoding = 4; lastKnownFileType = sourcecode.c.objc; path = CLImageEditorTheme.m; sourceTree = "<group>"; };
		E4222A831F43DDEE00A60046 /* CLImageToolInfo.h */ = {isa = PBXFileReference; fileEncoding = 4; lastKnownFileType = sourcecode.c.h; path = CLImageToolInfo.h; sourceTree = "<group>"; };
		E4222A841F43DDEE00A60046 /* CLImageToolInfo.m */ = {isa = PBXFileReference; fileEncoding = 4; lastKnownFileType = sourcecode.c.objc; path = CLImageToolInfo.m; sourceTree = "<group>"; };
		E4222A871F43DDEE00A60046 /* CLAdjustmentTool.h */ = {isa = PBXFileReference; fileEncoding = 4; lastKnownFileType = sourcecode.c.h; path = CLAdjustmentTool.h; sourceTree = "<group>"; };
		E4222A881F43DDEE00A60046 /* CLAdjustmentTool.m */ = {isa = PBXFileReference; fileEncoding = 4; lastKnownFileType = sourcecode.c.objc; path = CLAdjustmentTool.m; sourceTree = "<group>"; };
		E4222A8A1F43DDEE00A60046 /* CLBlurTool.h */ = {isa = PBXFileReference; fileEncoding = 4; lastKnownFileType = sourcecode.c.h; path = CLBlurTool.h; sourceTree = "<group>"; };
		E4222A8B1F43DDEE00A60046 /* CLBlurTool.m */ = {isa = PBXFileReference; fileEncoding = 4; lastKnownFileType = sourcecode.c.objc; path = CLBlurTool.m; sourceTree = "<group>"; };
		E4222A8D1F43DDEE00A60046 /* CLClippingTool.h */ = {isa = PBXFileReference; fileEncoding = 4; lastKnownFileType = sourcecode.c.h; path = CLClippingTool.h; sourceTree = "<group>"; };
		E4222A8E1F43DDEE00A60046 /* CLClippingTool.m */ = {isa = PBXFileReference; fileEncoding = 4; lastKnownFileType = sourcecode.c.objc; path = CLClippingTool.m; sourceTree = "<group>"; };
		E4222A901F43DDEE00A60046 /* CLDrawTool.h */ = {isa = PBXFileReference; fileEncoding = 4; lastKnownFileType = sourcecode.c.h; path = CLDrawTool.h; sourceTree = "<group>"; };
		E4222A911F43DDEE00A60046 /* CLDrawTool.m */ = {isa = PBXFileReference; fileEncoding = 4; lastKnownFileType = sourcecode.c.objc; path = CLDrawTool.m; sourceTree = "<group>"; };
		E4222A941F43DDEE00A60046 /* CLBloomEffect.h */ = {isa = PBXFileReference; fileEncoding = 4; lastKnownFileType = sourcecode.c.h; path = CLBloomEffect.h; sourceTree = "<group>"; };
		E4222A951F43DDEE00A60046 /* CLBloomEffect.m */ = {isa = PBXFileReference; fileEncoding = 4; lastKnownFileType = sourcecode.c.objc; path = CLBloomEffect.m; sourceTree = "<group>"; };
		E4222A961F43DDEE00A60046 /* CLGloomEffect.h */ = {isa = PBXFileReference; fileEncoding = 4; lastKnownFileType = sourcecode.c.h; path = CLGloomEffect.h; sourceTree = "<group>"; };
		E4222A971F43DDEE00A60046 /* CLGloomEffect.m */ = {isa = PBXFileReference; fileEncoding = 4; lastKnownFileType = sourcecode.c.objc; path = CLGloomEffect.m; sourceTree = "<group>"; };
		E4222A981F43DDEE00A60046 /* CLHighlightShadowEffect.h */ = {isa = PBXFileReference; fileEncoding = 4; lastKnownFileType = sourcecode.c.h; path = CLHighlightShadowEffect.h; sourceTree = "<group>"; };
		E4222A991F43DDEE00A60046 /* CLHighlightShadowEffect.m */ = {isa = PBXFileReference; fileEncoding = 4; lastKnownFileType = sourcecode.c.objc; path = CLHighlightShadowEffect.m; sourceTree = "<group>"; };
		E4222A9A1F43DDEE00A60046 /* CLHueEffect.h */ = {isa = PBXFileReference; fileEncoding = 4; lastKnownFileType = sourcecode.c.h; path = CLHueEffect.h; sourceTree = "<group>"; };
		E4222A9B1F43DDEE00A60046 /* CLHueEffect.m */ = {isa = PBXFileReference; fileEncoding = 4; lastKnownFileType = sourcecode.c.objc; path = CLHueEffect.m; sourceTree = "<group>"; };
		E4222A9C1F43DDEE00A60046 /* CLPixellateEffect.h */ = {isa = PBXFileReference; fileEncoding = 4; lastKnownFileType = sourcecode.c.h; path = CLPixellateEffect.h; sourceTree = "<group>"; };
		E4222A9D1F43DDEE00A60046 /* CLPixellateEffect.m */ = {isa = PBXFileReference; fileEncoding = 4; lastKnownFileType = sourcecode.c.objc; path = CLPixellateEffect.m; sourceTree = "<group>"; };
		E4222A9E1F43DDEE00A60046 /* CLPosterizeEffect.h */ = {isa = PBXFileReference; fileEncoding = 4; lastKnownFileType = sourcecode.c.h; path = CLPosterizeEffect.h; sourceTree = "<group>"; };
		E4222A9F1F43DDEE00A60046 /* CLPosterizeEffect.m */ = {isa = PBXFileReference; fileEncoding = 4; lastKnownFileType = sourcecode.c.objc; path = CLPosterizeEffect.m; sourceTree = "<group>"; };
		E4222AA01F43DDEE00A60046 /* CLSpotEffect.h */ = {isa = PBXFileReference; fileEncoding = 4; lastKnownFileType = sourcecode.c.h; path = CLSpotEffect.h; sourceTree = "<group>"; };
		E4222AA11F43DDEE00A60046 /* CLSpotEffect.m */ = {isa = PBXFileReference; fileEncoding = 4; lastKnownFileType = sourcecode.c.objc; path = CLSpotEffect.m; sourceTree = "<group>"; };
		E4222AA21F43DDEE00A60046 /* CLEffectBase.h */ = {isa = PBXFileReference; fileEncoding = 4; lastKnownFileType = sourcecode.c.h; path = CLEffectBase.h; sourceTree = "<group>"; };
		E4222AA31F43DDEE00A60046 /* CLEffectBase.m */ = {isa = PBXFileReference; fileEncoding = 4; lastKnownFileType = sourcecode.c.objc; path = CLEffectBase.m; sourceTree = "<group>"; };
		E4222AA41F43DDEE00A60046 /* CLEffectTool.h */ = {isa = PBXFileReference; fileEncoding = 4; lastKnownFileType = sourcecode.c.h; path = CLEffectTool.h; sourceTree = "<group>"; };
		E4222AA51F43DDEE00A60046 /* CLEffectTool.m */ = {isa = PBXFileReference; fileEncoding = 4; lastKnownFileType = sourcecode.c.objc; path = CLEffectTool.m; sourceTree = "<group>"; };
		E4222AA71F43DDEE00A60046 /* CLFilterBase.h */ = {isa = PBXFileReference; fileEncoding = 4; lastKnownFileType = sourcecode.c.h; path = CLFilterBase.h; sourceTree = "<group>"; };
		E4222AA81F43DDEE00A60046 /* CLFilterBase.m */ = {isa = PBXFileReference; fileEncoding = 4; lastKnownFileType = sourcecode.c.objc; path = CLFilterBase.m; sourceTree = "<group>"; };
		E4222AA91F43DDEE00A60046 /* CLFilterTool.h */ = {isa = PBXFileReference; fileEncoding = 4; lastKnownFileType = sourcecode.c.h; path = CLFilterTool.h; sourceTree = "<group>"; };
		E4222AAA1F43DDEE00A60046 /* CLFilterTool.m */ = {isa = PBXFileReference; fileEncoding = 4; lastKnownFileType = sourcecode.c.objc; path = CLFilterTool.m; sourceTree = "<group>"; };
		E4222AAB1F43DDEE00A60046 /* CLImageToolBase.h */ = {isa = PBXFileReference; fileEncoding = 4; lastKnownFileType = sourcecode.c.h; path = CLImageToolBase.h; sourceTree = "<group>"; };
		E4222AAC1F43DDEE00A60046 /* CLImageToolBase.m */ = {isa = PBXFileReference; fileEncoding = 4; lastKnownFileType = sourcecode.c.objc; path = CLImageToolBase.m; sourceTree = "<group>"; };
		E4222AAE1F43DDEE00A60046 /* CLRotateTool.h */ = {isa = PBXFileReference; fileEncoding = 4; lastKnownFileType = sourcecode.c.h; path = CLRotateTool.h; sourceTree = "<group>"; };
		E4222AAF1F43DDEE00A60046 /* CLRotateTool.m */ = {isa = PBXFileReference; fileEncoding = 4; lastKnownFileType = sourcecode.c.objc; path = CLRotateTool.m; sourceTree = "<group>"; };
		E4222AB11F43DDEE00A60046 /* CLToneCurveTool.h */ = {isa = PBXFileReference; fileEncoding = 4; lastKnownFileType = sourcecode.c.h; path = CLToneCurveTool.h; sourceTree = "<group>"; };
		E4222AB21F43DDEE00A60046 /* CLToneCurveTool.m */ = {isa = PBXFileReference; fileEncoding = 4; lastKnownFileType = sourcecode.c.objc; path = CLToneCurveTool.m; sourceTree = "<group>"; };
		E4222AB41F43DDEE00A60046 /* CLCircleView.h */ = {isa = PBXFileReference; fileEncoding = 4; lastKnownFileType = sourcecode.c.h; path = CLCircleView.h; sourceTree = "<group>"; };
		E4222AB51F43DDEE00A60046 /* CLCircleView.m */ = {isa = PBXFileReference; fileEncoding = 4; lastKnownFileType = sourcecode.c.objc; path = CLCircleView.m; sourceTree = "<group>"; };
		E4222AB61F43DDEE00A60046 /* CLColorPickerView.h */ = {isa = PBXFileReference; fileEncoding = 4; lastKnownFileType = sourcecode.c.h; path = CLColorPickerView.h; sourceTree = "<group>"; };
		E4222AB71F43DDEE00A60046 /* CLColorPickerView.m */ = {isa = PBXFileReference; fileEncoding = 4; lastKnownFileType = sourcecode.c.objc; path = CLColorPickerView.m; sourceTree = "<group>"; };
		E4222AB81F43DDEE00A60046 /* CLImageEditorTheme+Private.h */ = {isa = PBXFileReference; fileEncoding = 4; lastKnownFileType = sourcecode.c.h; path = "CLImageEditorTheme+Private.h"; sourceTree = "<group>"; };
		E4222AB91F43DDEE00A60046 /* CLImageEditorTheme+Private.m */ = {isa = PBXFileReference; fileEncoding = 4; lastKnownFileType = sourcecode.c.objc; path = "CLImageEditorTheme+Private.m"; sourceTree = "<group>"; };
		E4222ABA1F43DDEE00A60046 /* CLImageToolInfo+Private.h */ = {isa = PBXFileReference; fileEncoding = 4; lastKnownFileType = sourcecode.c.h; path = "CLImageToolInfo+Private.h"; sourceTree = "<group>"; };
		E4222ABB1F43DDEE00A60046 /* CLImageToolInfo+Private.m */ = {isa = PBXFileReference; fileEncoding = 4; lastKnownFileType = sourcecode.c.objc; path = "CLImageToolInfo+Private.m"; sourceTree = "<group>"; };
		E4222ABC1F43DDEE00A60046 /* CLImageToolProtocol.h */ = {isa = PBXFileReference; fileEncoding = 4; lastKnownFileType = sourcecode.c.h; path = CLImageToolProtocol.h; sourceTree = "<group>"; };
		E4222ABD1F43DDEE00A60046 /* CLImageToolSettings.h */ = {isa = PBXFileReference; fileEncoding = 4; lastKnownFileType = sourcecode.c.h; path = CLImageToolSettings.h; sourceTree = "<group>"; };
		E4222ABE1F43DDEE00A60046 /* CLToolbarMenuItem.h */ = {isa = PBXFileReference; fileEncoding = 4; lastKnownFileType = sourcecode.c.h; path = CLToolbarMenuItem.h; sourceTree = "<group>"; };
		E4222ABF1F43DDEE00A60046 /* CLToolbarMenuItem.m */ = {isa = PBXFileReference; fileEncoding = 4; lastKnownFileType = sourcecode.c.objc; path = CLToolbarMenuItem.m; sourceTree = "<group>"; };
		E4222AC01F43DDEE00A60046 /* UIView+CLImageToolInfo.h */ = {isa = PBXFileReference; fileEncoding = 4; lastKnownFileType = sourcecode.c.h; path = "UIView+CLImageToolInfo.h"; sourceTree = "<group>"; };
		E4222AC11F43DDEF00A60046 /* UIView+CLImageToolInfo.m */ = {isa = PBXFileReference; fileEncoding = 4; lastKnownFileType = sourcecode.c.objc; path = "UIView+CLImageToolInfo.m"; sourceTree = "<group>"; };
		E4222AC31F43DDEF00A60046 /* CLClassList.h */ = {isa = PBXFileReference; fileEncoding = 4; lastKnownFileType = sourcecode.c.h; path = CLClassList.h; sourceTree = "<group>"; };
		E4222AC41F43DDEF00A60046 /* CLClassList.m */ = {isa = PBXFileReference; fileEncoding = 4; lastKnownFileType = sourcecode.c.objc; path = CLClassList.m; sourceTree = "<group>"; };
		E4222AC51F43DDEF00A60046 /* CLSplineInterpolator.h */ = {isa = PBXFileReference; fileEncoding = 4; lastKnownFileType = sourcecode.c.h; path = CLSplineInterpolator.h; sourceTree = "<group>"; };
		E4222AC61F43DDEF00A60046 /* CLSplineInterpolator.m */ = {isa = PBXFileReference; fileEncoding = 4; lastKnownFileType = sourcecode.c.objc; path = CLSplineInterpolator.m; sourceTree = "<group>"; };
		E4222AC71F43DDEF00A60046 /* UIDevice+SystemVersion.h */ = {isa = PBXFileReference; fileEncoding = 4; lastKnownFileType = sourcecode.c.h; path = "UIDevice+SystemVersion.h"; sourceTree = "<group>"; };
		E4222AC81F43DDEF00A60046 /* UIDevice+SystemVersion.m */ = {isa = PBXFileReference; fileEncoding = 4; lastKnownFileType = sourcecode.c.objc; path = "UIDevice+SystemVersion.m"; sourceTree = "<group>"; };
		E4222AC91F43DDEF00A60046 /* UIImage+Utility.h */ = {isa = PBXFileReference; fileEncoding = 4; lastKnownFileType = sourcecode.c.h; path = "UIImage+Utility.h"; sourceTree = "<group>"; };
		E4222ACA1F43DDEF00A60046 /* UIImage+Utility.m */ = {isa = PBXFileReference; fileEncoding = 4; lastKnownFileType = sourcecode.c.objc; path = "UIImage+Utility.m"; sourceTree = "<group>"; };
		E4222ACB1F43DDEF00A60046 /* UIView+Frame.h */ = {isa = PBXFileReference; fileEncoding = 4; lastKnownFileType = sourcecode.c.h; path = "UIView+Frame.h"; sourceTree = "<group>"; };
		E4222ACC1F43DDEF00A60046 /* UIView+Frame.m */ = {isa = PBXFileReference; fileEncoding = 4; lastKnownFileType = sourcecode.c.objc; path = "UIView+Frame.m"; sourceTree = "<group>"; };
		E4222ACE1F43DDEF00A60046 /* _CLImageEditorViewController.h */ = {isa = PBXFileReference; fileEncoding = 4; lastKnownFileType = sourcecode.c.h; path = _CLImageEditorViewController.h; sourceTree = "<group>"; };
		E4222ACF1F43DDEF00A60046 /* _CLImageEditorViewController.m */ = {isa = PBXFileReference; fileEncoding = 4; lastKnownFileType = sourcecode.c.objc; path = _CLImageEditorViewController.m; sourceTree = "<group>"; };
		E4222AD21F43DDEF00A60046 /* CLEmoticonTool.h */ = {isa = PBXFileReference; fileEncoding = 4; lastKnownFileType = sourcecode.c.h; path = CLEmoticonTool.h; sourceTree = "<group>"; };
		E4222AD31F43DDEF00A60046 /* CLEmoticonTool.m */ = {isa = PBXFileReference; fileEncoding = 4; lastKnownFileType = sourcecode.c.objc; path = CLEmoticonTool.m; sourceTree = "<group>"; };
		E4222AD51F43DDEF00A60046 /* CLGPUImageVignetteFilter.h */ = {isa = PBXFileReference; fileEncoding = 4; lastKnownFileType = sourcecode.c.h; path = CLGPUImageVignetteFilter.h; sourceTree = "<group>"; };
		E4222AD61F43DDEF00A60046 /* CLGPUImageVignetteFilter.m */ = {isa = PBXFileReference; fileEncoding = 4; lastKnownFileType = sourcecode.c.objc; path = CLGPUImageVignetteFilter.m; sourceTree = "<group>"; };
		E4222AD81F43DDEF00A60046 /* CLResizeTool.h */ = {isa = PBXFileReference; fileEncoding = 4; lastKnownFileType = sourcecode.c.h; path = CLResizeTool.h; sourceTree = "<group>"; };
		E4222AD91F43DDEF00A60046 /* CLResizeTool.m */ = {isa = PBXFileReference; fileEncoding = 4; lastKnownFileType = sourcecode.c.objc; path = CLResizeTool.m; sourceTree = "<group>"; };
		E4222ADB1F43DDEF00A60046 /* CLSplashTool.h */ = {isa = PBXFileReference; fileEncoding = 4; lastKnownFileType = sourcecode.c.h; path = CLSplashTool.h; sourceTree = "<group>"; };
		E4222ADC1F43DDEF00A60046 /* CLSplashTool.m */ = {isa = PBXFileReference; fileEncoding = 4; lastKnownFileType = sourcecode.c.objc; path = CLSplashTool.m; sourceTree = "<group>"; };
		E4222ADE1F43DDEF00A60046 /* CLStickerTool.h */ = {isa = PBXFileReference; fileEncoding = 4; lastKnownFileType = sourcecode.c.h; path = CLStickerTool.h; sourceTree = "<group>"; };
		E4222ADF1F43DDEF00A60046 /* CLStickerTool.m */ = {isa = PBXFileReference; fileEncoding = 4; lastKnownFileType = sourcecode.c.objc; path = CLStickerTool.m; sourceTree = "<group>"; };
		E4222AE11F43DDEF00A60046 /* CLFontPickerView.h */ = {isa = PBXFileReference; fileEncoding = 4; lastKnownFileType = sourcecode.c.h; path = CLFontPickerView.h; sourceTree = "<group>"; };
		E4222AE21F43DDEF00A60046 /* CLFontPickerView.m */ = {isa = PBXFileReference; fileEncoding = 4; lastKnownFileType = sourcecode.c.objc; path = CLFontPickerView.m; sourceTree = "<group>"; };
		E4222AE31F43DDEF00A60046 /* CLPickerDrum.h */ = {isa = PBXFileReference; fileEncoding = 4; lastKnownFileType = sourcecode.c.h; path = CLPickerDrum.h; sourceTree = "<group>"; };
		E4222AE41F43DDEF00A60046 /* CLPickerDrum.m */ = {isa = PBXFileReference; fileEncoding = 4; lastKnownFileType = sourcecode.c.objc; path = CLPickerDrum.m; sourceTree = "<group>"; };
		E4222AE51F43DDEF00A60046 /* CLPickerView.h */ = {isa = PBXFileReference; fileEncoding = 4; lastKnownFileType = sourcecode.c.h; path = CLPickerView.h; sourceTree = "<group>"; };
		E4222AE61F43DDEF00A60046 /* CLPickerView.m */ = {isa = PBXFileReference; fileEncoding = 4; lastKnownFileType = sourcecode.c.objc; path = CLPickerView.m; sourceTree = "<group>"; };
		E4222AE71F43DDEF00A60046 /* CLTextLabel.h */ = {isa = PBXFileReference; fileEncoding = 4; lastKnownFileType = sourcecode.c.h; path = CLTextLabel.h; sourceTree = "<group>"; };
		E4222AE81F43DDEF00A60046 /* CLTextLabel.m */ = {isa = PBXFileReference; fileEncoding = 4; lastKnownFileType = sourcecode.c.objc; path = CLTextLabel.m; sourceTree = "<group>"; };
		E4222AE91F43DDEF00A60046 /* CLTextSettingView.h */ = {isa = PBXFileReference; fileEncoding = 4; lastKnownFileType = sourcecode.c.h; path = CLTextSettingView.h; sourceTree = "<group>"; };
		E4222AEA1F43DDEF00A60046 /* CLTextSettingView.m */ = {isa = PBXFileReference; fileEncoding = 4; lastKnownFileType = sourcecode.c.objc; path = CLTextSettingView.m; sourceTree = "<group>"; };
		E4222AEB1F43DDEF00A60046 /* CLTextTool.h */ = {isa = PBXFileReference; fileEncoding = 4; lastKnownFileType = sourcecode.c.h; path = CLTextTool.h; sourceTree = "<group>"; };
		E4222AEC1F43DDEF00A60046 /* CLTextTool.m */ = {isa = PBXFileReference; fileEncoding = 4; lastKnownFileType = sourcecode.c.objc; path = CLTextTool.m; sourceTree = "<group>"; };
		E4222AED1F43DDEF00A60046 /* MGImageModel.swift */ = {isa = PBXFileReference; fileEncoding = 4; lastKnownFileType = sourcecode.swift; path = MGImageModel.swift; sourceTree = "<group>"; };
		E4222AEE1F43DDEF00A60046 /* MGPhotoPicker.swift */ = {isa = PBXFileReference; fileEncoding = 4; lastKnownFileType = sourcecode.swift; path = MGPhotoPicker.swift; sourceTree = "<group>"; };
		E4222AEF1F43DDEF00A60046 /* MGPhotoPocker_Bridging_Header.h */ = {isa = PBXFileReference; fileEncoding = 4; lastKnownFileType = sourcecode.c.h; path = MGPhotoPocker_Bridging_Header.h; sourceTree = "<group>"; };
		E4222AF11F43DDEF00A60046 /* BasePhotoViewController.swift */ = {isa = PBXFileReference; fileEncoding = 4; lastKnownFileType = sourcecode.swift; path = BasePhotoViewController.swift; sourceTree = "<group>"; };
		E4222AF21F43DDEF00A60046 /* MGAlbumViewController.swift */ = {isa = PBXFileReference; fileEncoding = 4; lastKnownFileType = sourcecode.swift; path = MGAlbumViewController.swift; sourceTree = "<group>"; };
		E4222AF31F43DDEF00A60046 /* MGAlbumViewController.xib */ = {isa = PBXFileReference; fileEncoding = 4; lastKnownFileType = file.xib; path = MGAlbumViewController.xib; sourceTree = "<group>"; };
		E4222AF41F43DDEF00A60046 /* MGGrounpPhotosViewController.swift */ = {isa = PBXFileReference; fileEncoding = 4; lastKnownFileType = sourcecode.swift; path = MGGrounpPhotosViewController.swift; sourceTree = "<group>"; };
		E4222AF51F43DDEF00A60046 /* MGGrounpPhotosViewController.xib */ = {isa = PBXFileReference; fileEncoding = 4; lastKnownFileType = file.xib; path = MGGrounpPhotosViewController.xib; sourceTree = "<group>"; };
		E4222AF61F43DDEF00A60046 /* MGPhotoAnimator.swift */ = {isa = PBXFileReference; fileEncoding = 4; lastKnownFileType = sourcecode.swift; path = MGPhotoAnimator.swift; sourceTree = "<group>"; };
		E4222AF71F43DDEF00A60046 /* MGPickerViewController.swift */ = {isa = PBXFileReference; fileEncoding = 4; lastKnownFileType = sourcecode.swift; path = MGPickerViewController.swift; sourceTree = "<group>"; };
		E4222AF81F43DDEF00A60046 /* MGPreViewImageController.swift */ = {isa = PBXFileReference; fileEncoding = 4; lastKnownFileType = sourcecode.swift; path = MGPreViewImageController.swift; sourceTree = "<group>"; };
		E4222AF91F43DDEF00A60046 /* MGPreViewImageController.xib */ = {isa = PBXFileReference; fileEncoding = 4; lastKnownFileType = file.xib; path = MGPreViewImageController.xib; sourceTree = "<group>"; };
		E4222AFB1F43DDEF00A60046 /* MGAlbumCell.swift */ = {isa = PBXFileReference; fileEncoding = 4; lastKnownFileType = sourcecode.swift; path = MGAlbumCell.swift; sourceTree = "<group>"; };
		E4222AFC1F43DDEF00A60046 /* MGAlbumCell.xib */ = {isa = PBXFileReference; fileEncoding = 4; lastKnownFileType = file.xib; path = MGAlbumCell.xib; sourceTree = "<group>"; };
		E4222AFD1F43DDEF00A60046 /* MGPreViewCell.swift */ = {isa = PBXFileReference; fileEncoding = 4; lastKnownFileType = sourcecode.swift; path = MGPreViewCell.swift; sourceTree = "<group>"; };
		E4222AFE1F43DDEF00A60046 /* MGPreViewCell.xib */ = {isa = PBXFileReference; fileEncoding = 4; lastKnownFileType = file.xib; path = MGPreViewCell.xib; sourceTree = "<group>"; };
		E4222AFF1F43DDEF00A60046 /* MGZoomView.swift */ = {isa = PBXFileReference; fileEncoding = 4; lastKnownFileType = sourcecode.swift; path = MGZoomView.swift; sourceTree = "<group>"; };
		E4222B001F43DDEF00A60046 /* MGPhotoPickerTools.swift */ = {isa = PBXFileReference; fileEncoding = 4; lastKnownFileType = sourcecode.swift; path = MGPhotoPickerTools.swift; sourceTree = "<group>"; };
		E4222B021F43DDEF00A60046 /* LGCameraImageView.h */ = {isa = PBXFileReference; fileEncoding = 4; lastKnownFileType = sourcecode.c.h; path = LGCameraImageView.h; sourceTree = "<group>"; };
		E4222B031F43DDEF00A60046 /* LGCameraImageView.m */ = {isa = PBXFileReference; fileEncoding = 4; lastKnownFileType = sourcecode.c.objc; path = LGCameraImageView.m; sourceTree = "<group>"; };
		E4222B041F43DDEF00A60046 /* LGPhoto.h */ = {isa = PBXFileReference; fileEncoding = 4; lastKnownFileType = sourcecode.c.h; path = LGPhoto.h; sourceTree = "<group>"; };
		E4222B051F43DDEF00A60046 /* LGPhotoPickerCommon.h */ = {isa = PBXFileReference; fileEncoding = 4; lastKnownFileType = sourcecode.c.h; path = LGPhotoPickerCommon.h; sourceTree = "<group>"; };
		E4222B061F43DDEF00A60046 /* SCSlider.h */ = {isa = PBXFileReference; fileEncoding = 4; lastKnownFileType = sourcecode.c.h; path = SCSlider.h; sourceTree = "<group>"; };
		E4222B071F43DDEF00A60046 /* SCSlider.m */ = {isa = PBXFileReference; fileEncoding = 4; lastKnownFileType = sourcecode.c.objc; path = SCSlider.m; sourceTree = "<group>"; };
		E4222B081F43DDEF00A60046 /* ZLCamera.h */ = {isa = PBXFileReference; fileEncoding = 4; lastKnownFileType = sourcecode.c.h; path = ZLCamera.h; sourceTree = "<group>"; };
		E4222B091F43DDEF00A60046 /* ZLCamera.m */ = {isa = PBXFileReference; fileEncoding = 4; lastKnownFileType = sourcecode.c.objc; path = ZLCamera.m; sourceTree = "<group>"; };
		E4222B0A1F43DDEF00A60046 /* ZLCameraImageView.h */ = {isa = PBXFileReference; fileEncoding = 4; lastKnownFileType = sourcecode.c.h; path = ZLCameraImageView.h; sourceTree = "<group>"; };
		E4222B0B1F43DDEF00A60046 /* ZLCameraImageView.m */ = {isa = PBXFileReference; fileEncoding = 4; lastKnownFileType = sourcecode.c.objc; path = ZLCameraImageView.m; sourceTree = "<group>"; };
		E4222B0C1F43DDEF00A60046 /* ZLCameraView.h */ = {isa = PBXFileReference; fileEncoding = 4; lastKnownFileType = sourcecode.c.h; path = ZLCameraView.h; sourceTree = "<group>"; };
		E4222B0D1F43DDEF00A60046 /* ZLCameraView.m */ = {isa = PBXFileReference; fileEncoding = 4; lastKnownFileType = sourcecode.c.objc; path = ZLCameraView.m; sourceTree = "<group>"; };
		E4222B0E1F43DDEF00A60046 /* ZLCameraViewController.h */ = {isa = PBXFileReference; fileEncoding = 4; lastKnownFileType = sourcecode.c.h; path = ZLCameraViewController.h; sourceTree = "<group>"; };
		E4222B0F1F43DDEF00A60046 /* ZLCameraViewController.m */ = {isa = PBXFileReference; fileEncoding = 4; lastKnownFileType = sourcecode.c.objc; path = ZLCameraViewController.m; sourceTree = "<group>"; };
		E4222B581F443BDA00A60046 /* Camera.bundle */ = {isa = PBXFileReference; lastKnownFileType = "wrapper.plug-in"; path = Camera.bundle; sourceTree = "<group>"; };
		E4222B5B1F443F6300A60046 /* camera_icon@2x.png */ = {isa = PBXFileReference; lastKnownFileType = image.png; path = "camera_icon@2x.png"; sourceTree = "<group>"; };
		E4222B5C1F443F6300A60046 /* camera_icon@3x.png */ = {isa = PBXFileReference; lastKnownFileType = image.png; path = "camera_icon@3x.png"; sourceTree = "<group>"; };
		E4222B5D1F443F6300A60046 /* cancel_icon@2x.png */ = {isa = PBXFileReference; lastKnownFileType = image.png; path = "cancel_icon@2x.png"; sourceTree = "<group>"; };
		E4222B5E1F443F6300A60046 /* cancel_icon@3x.png */ = {isa = PBXFileReference; lastKnownFileType = image.png; path = "cancel_icon@3x.png"; sourceTree = "<group>"; };
		E4222B5F1F443F6300A60046 /* confirm_icon@2x.png */ = {isa = PBXFileReference; lastKnownFileType = image.png; path = "confirm_icon@2x.png"; sourceTree = "<group>"; };
		E4222B601F443F6300A60046 /* confirm_icon@3x.png */ = {isa = PBXFileReference; lastKnownFileType = image.png; path = "confirm_icon@3x.png"; sourceTree = "<group>"; };
		E4222B611F443F6300A60046 /* edit_icon@2x.png */ = {isa = PBXFileReference; lastKnownFileType = image.png; path = "edit_icon@2x.png"; sourceTree = "<group>"; };
		E4222B621F443F6300A60046 /* edit_icon@3x.png */ = {isa = PBXFileReference; lastKnownFileType = image.png; path = "edit_icon@3x.png"; sourceTree = "<group>"; };
		E4222B631F443F6300A60046 /* ic_closeView@2x.png */ = {isa = PBXFileReference; lastKnownFileType = image.png; path = "ic_closeView@2x.png"; sourceTree = "<group>"; };
		E4222B641F443F6300A60046 /* ic_closeView@3x.png */ = {isa = PBXFileReference; lastKnownFileType = image.png; path = "ic_closeView@3x.png"; sourceTree = "<group>"; };
		E4222B651F443F6300A60046 /* photo_icon@2x.png */ = {isa = PBXFileReference; lastKnownFileType = image.png; path = "photo_icon@2x.png"; sourceTree = "<group>"; };
		E4222B661F443F6300A60046 /* photo_icon@3x.png */ = {isa = PBXFileReference; lastKnownFileType = image.png; path = "photo_icon@3x.png"; sourceTree = "<group>"; };
		E4222B671F443F6300A60046 /* pic_selectedIcon@2x.png */ = {isa = PBXFileReference; lastKnownFileType = image.png; path = "pic_selectedIcon@2x.png"; sourceTree = "<group>"; };
		E4222B681F443F6300A60046 /* pic_selectedIcon@3x.png */ = {isa = PBXFileReference; lastKnownFileType = image.png; path = "pic_selectedIcon@3x.png"; sourceTree = "<group>"; };
		E4222B691F443F6300A60046 /* pic_unSelectedIcon@2x.png */ = {isa = PBXFileReference; lastKnownFileType = image.png; path = "pic_unSelectedIcon@2x.png"; sourceTree = "<group>"; };
		E4222B6A1F443F6300A60046 /* pic_unSelectedIcon@3x.png */ = {isa = PBXFileReference; lastKnownFileType = image.png; path = "pic_unSelectedIcon@3x.png"; sourceTree = "<group>"; };
		E4222B6B1F443F6300A60046 /* preview_icon@2x.png */ = {isa = PBXFileReference; lastKnownFileType = image.png; path = "preview_icon@2x.png"; sourceTree = "<group>"; };
		E4222B6C1F443F6300A60046 /* preview_icon@3x.png */ = {isa = PBXFileReference; lastKnownFileType = image.png; path = "preview_icon@3x.png"; sourceTree = "<group>"; };
		E4F427281F4000880011CAD0 /* MGPhotoPicker.app */ = {isa = PBXFileReference; explicitFileType = wrapper.application; includeInIndex = 0; path = MGPhotoPicker.app; sourceTree = BUILT_PRODUCTS_DIR; };
		E4F4272B1F4000880011CAD0 /* AppDelegate.swift */ = {isa = PBXFileReference; lastKnownFileType = sourcecode.swift; path = AppDelegate.swift; sourceTree = "<group>"; };
		E4F4272D1F4000880011CAD0 /* ViewController.swift */ = {isa = PBXFileReference; lastKnownFileType = sourcecode.swift; path = ViewController.swift; sourceTree = "<group>"; };
		E4F427301F4000880011CAD0 /* Base */ = {isa = PBXFileReference; lastKnownFileType = file.storyboard; name = Base; path = Base.lproj/Main.storyboard; sourceTree = "<group>"; };
		E4F427351F4000880011CAD0 /* Base */ = {isa = PBXFileReference; lastKnownFileType = file.storyboard; name = Base; path = Base.lproj/LaunchScreen.storyboard; sourceTree = "<group>"; };
		E4F427371F4000880011CAD0 /* Info.plist */ = {isa = PBXFileReference; lastKnownFileType = text.plist.xml; path = Info.plist; sourceTree = "<group>"; };
		E4F4273C1F4000880011CAD0 /* MGPhotoPicker-DemoTests.xctest */ = {isa = PBXFileReference; explicitFileType = wrapper.cfbundle; includeInIndex = 0; path = "MGPhotoPicker-DemoTests.xctest"; sourceTree = BUILT_PRODUCTS_DIR; };
		E4F427401F4000880011CAD0 /* MGPhotoPicker_DemoTests.swift */ = {isa = PBXFileReference; lastKnownFileType = sourcecode.swift; path = MGPhotoPicker_DemoTests.swift; sourceTree = "<group>"; };
		E4F427421F4000880011CAD0 /* Info.plist */ = {isa = PBXFileReference; lastKnownFileType = text.plist.xml; path = Info.plist; sourceTree = "<group>"; };
		E4F427471F4000880011CAD0 /* MGPhotoPicker-DemoUITests.xctest */ = {isa = PBXFileReference; explicitFileType = wrapper.cfbundle; includeInIndex = 0; path = "MGPhotoPicker-DemoUITests.xctest"; sourceTree = BUILT_PRODUCTS_DIR; };
		E4F4274B1F4000880011CAD0 /* MGPhotoPicker_DemoUITests.swift */ = {isa = PBXFileReference; lastKnownFileType = sourcecode.swift; path = MGPhotoPicker_DemoUITests.swift; sourceTree = "<group>"; };
		E4F4274D1F4000880011CAD0 /* Info.plist */ = {isa = PBXFileReference; lastKnownFileType = text.plist.xml; path = Info.plist; sourceTree = "<group>"; };
		E4F4281A1F4004110011CAD0 /* AssetsLibrary.framework */ = {isa = PBXFileReference; lastKnownFileType = wrapper.framework; name = AssetsLibrary.framework; path = System/Library/Frameworks/AssetsLibrary.framework; sourceTree = SDKROOT; };
		E4F4281C1F4004580011CAD0 /* Photos.framework */ = {isa = PBXFileReference; lastKnownFileType = wrapper.framework; name = Photos.framework; path = System/Library/Frameworks/Photos.framework; sourceTree = SDKROOT; };
		E7BF7E7ACC77B61D0C1475F0 /* Pods-MGPhotoPicker-Demo.release.xcconfig */ = {isa = PBXFileReference; includeInIndex = 1; lastKnownFileType = text.xcconfig; name = "Pods-MGPhotoPicker-Demo.release.xcconfig"; path = "Pods/Target Support Files/Pods-MGPhotoPicker-Demo/Pods-MGPhotoPicker-Demo.release.xcconfig"; sourceTree = "<group>"; };
		EC056E99284AE79E43816331 /* Pods-MGPhotoPicker-DemoTests.release.xcconfig */ = {isa = PBXFileReference; includeInIndex = 1; lastKnownFileType = text.xcconfig; name = "Pods-MGPhotoPicker-DemoTests.release.xcconfig"; path = "Pods/Target Support Files/Pods-MGPhotoPicker-DemoTests/Pods-MGPhotoPicker-DemoTests.release.xcconfig"; sourceTree = "<group>"; };
		F61FC6197C79374465A420A7 /* Pods-MGPhotoPicker-DemoTests.debug.xcconfig */ = {isa = PBXFileReference; includeInIndex = 1; lastKnownFileType = text.xcconfig; name = "Pods-MGPhotoPicker-DemoTests.debug.xcconfig"; path = "Pods/Target Support Files/Pods-MGPhotoPicker-DemoTests/Pods-MGPhotoPicker-DemoTests.debug.xcconfig"; sourceTree = "<group>"; };
/* End PBXFileReference section */

/* Begin PBXFrameworksBuildPhase section */
		E4F427251F4000880011CAD0 /* Frameworks */ = {
			isa = PBXFrameworksBuildPhase;
			buildActionMask = 2147483647;
			files = (
				E4F4281D1F4004580011CAD0 /* Photos.framework in Frameworks */,
				E4F4281B1F4004110011CAD0 /* AssetsLibrary.framework in Frameworks */,
				2CA2D86C17303087172C5B81 /* Pods_MGPhotoPicker_Demo.framework in Frameworks */,
			);
			runOnlyForDeploymentPostprocessing = 0;
		};
		E4F427391F4000880011CAD0 /* Frameworks */ = {
			isa = PBXFrameworksBuildPhase;
			buildActionMask = 2147483647;
			files = (
				B4FB0FF7F5E07ED9D3EB3794 /* Pods_MGPhotoPicker_DemoTests.framework in Frameworks */,
			);
			runOnlyForDeploymentPostprocessing = 0;
		};
		E4F427441F4000880011CAD0 /* Frameworks */ = {
			isa = PBXFrameworksBuildPhase;
			buildActionMask = 2147483647;
			files = (
				737F2CF641573F88207AC50B /* Pods_MGPhotoPicker_DemoUITests.framework in Frameworks */,
			);
			runOnlyForDeploymentPostprocessing = 0;
		};
/* End PBXFrameworksBuildPhase section */

/* Begin PBXGroup section */
		0D596FD2867EA5D05060156B /* Pods */ = {
			isa = PBXGroup;
			children = (
				09C1431FFD5E581584A2FCA9 /* Pods-MGPhotoPicker-Demo.debug.xcconfig */,
				E7BF7E7ACC77B61D0C1475F0 /* Pods-MGPhotoPicker-Demo.release.xcconfig */,
				F61FC6197C79374465A420A7 /* Pods-MGPhotoPicker-DemoTests.debug.xcconfig */,
				EC056E99284AE79E43816331 /* Pods-MGPhotoPicker-DemoTests.release.xcconfig */,
				C530EC16DC0F9567B94A7BDF /* Pods-MGPhotoPicker-DemoUITests.debug.xcconfig */,
				0A25B824031CD9342EA57E96 /* Pods-MGPhotoPicker-DemoUITests.release.xcconfig */,
			);
			name = Pods;
			sourceTree = "<group>";
		};
		E42228CD1F41986C00A60046 /* Sources */ = {
			isa = PBXGroup;
			children = (
				E4222A7B1F43DDEE00A60046 /* Classes */,
				E42229951F41986C00A60046 /* res */,
			);
			path = Sources;
			sourceTree = "<group>";
		};
		E42229951F41986C00A60046 /* res */ = {
			isa = PBXGroup;
			children = (
				E4222B5A1F443F6300A60046 /* PhotoPicker */,
			);
			path = res;
			sourceTree = "<group>";
		};
		E4222A7B1F43DDEE00A60046 /* Classes */ = {
			isa = PBXGroup;
			children = (
				E4222AED1F43DDEF00A60046 /* MGImageModel.swift */,
				E4222AEE1F43DDEF00A60046 /* MGPhotoPicker.swift */,
				E4222AEF1F43DDEF00A60046 /* MGPhotoPocker_Bridging_Header.h */,
				E4222AF01F43DDEF00A60046 /* ViewController */,
				E4222B011F43DDEF00A60046 /* ZLCamera */,
				E4222A7C1F43DDEE00A60046 /* ImageEditor */,
			);
			path = Classes;
			sourceTree = "<group>";
		};
		E4222A7C1F43DDEE00A60046 /* ImageEditor */ = {
			isa = PBXGroup;
			children = (
				E4222A7D1F43DDEE00A60046 /* CLImageEditor */,
				E4222AD01F43DDEF00A60046 /* OptionalImageTools */,
			);
			path = ImageEditor;
			sourceTree = "<group>";
		};
		E4222A7D1F43DDEE00A60046 /* CLImageEditor */ = {
			isa = PBXGroup;
			children = (
				E4222A7E1F43DDEE00A60046 /* CLImageEditor.bundle */,
				E4222A7F1F43DDEE00A60046 /* CLImageEditor.h */,
				E4222A801F43DDEE00A60046 /* CLImageEditor.m */,
				E4222A811F43DDEE00A60046 /* CLImageEditorTheme.h */,
				E4222A821F43DDEE00A60046 /* CLImageEditorTheme.m */,
				E4222A831F43DDEE00A60046 /* CLImageToolInfo.h */,
				E4222A841F43DDEE00A60046 /* CLImageToolInfo.m */,
				E4222A851F43DDEE00A60046 /* ImageTools */,
				E4222AC21F43DDEF00A60046 /* Utils */,
				E4222ACD1F43DDEF00A60046 /* ViewController */,
			);
			path = CLImageEditor;
			sourceTree = "<group>";
		};
		E4222A851F43DDEE00A60046 /* ImageTools */ = {
			isa = PBXGroup;
			children = (
				E4222A861F43DDEE00A60046 /* CLAdjustmentTool */,
				E4222A891F43DDEE00A60046 /* CLBlurTool */,
				E4222A8C1F43DDEE00A60046 /* CLClippingTool */,
				E4222A8F1F43DDEE00A60046 /* CLDrawTool */,
				E4222A921F43DDEE00A60046 /* CLEffectTool */,
				E4222AA61F43DDEE00A60046 /* CLFilterTool */,
				E4222AAB1F43DDEE00A60046 /* CLImageToolBase.h */,
				E4222AAC1F43DDEE00A60046 /* CLImageToolBase.m */,
				E4222AAD1F43DDEE00A60046 /* CLRotateTool */,
				E4222AB01F43DDEE00A60046 /* CLToneCurveTool */,
				E4222AB31F43DDEE00A60046 /* ToolSettings */,
			);
			path = ImageTools;
			sourceTree = "<group>";
		};
		E4222A861F43DDEE00A60046 /* CLAdjustmentTool */ = {
			isa = PBXGroup;
			children = (
				E4222A871F43DDEE00A60046 /* CLAdjustmentTool.h */,
				E4222A881F43DDEE00A60046 /* CLAdjustmentTool.m */,
			);
			path = CLAdjustmentTool;
			sourceTree = "<group>";
		};
		E4222A891F43DDEE00A60046 /* CLBlurTool */ = {
			isa = PBXGroup;
			children = (
				E4222A8A1F43DDEE00A60046 /* CLBlurTool.h */,
				E4222A8B1F43DDEE00A60046 /* CLBlurTool.m */,
			);
			path = CLBlurTool;
			sourceTree = "<group>";
		};
		E4222A8C1F43DDEE00A60046 /* CLClippingTool */ = {
			isa = PBXGroup;
			children = (
				E4222A8D1F43DDEE00A60046 /* CLClippingTool.h */,
				E4222A8E1F43DDEE00A60046 /* CLClippingTool.m */,
			);
			path = CLClippingTool;
			sourceTree = "<group>";
		};
		E4222A8F1F43DDEE00A60046 /* CLDrawTool */ = {
			isa = PBXGroup;
			children = (
				E4222A901F43DDEE00A60046 /* CLDrawTool.h */,
				E4222A911F43DDEE00A60046 /* CLDrawTool.m */,
			);
			path = CLDrawTool;
			sourceTree = "<group>";
		};
		E4222A921F43DDEE00A60046 /* CLEffectTool */ = {
			isa = PBXGroup;
			children = (
				E4222A931F43DDEE00A60046 /* CLEffect */,
				E4222AA21F43DDEE00A60046 /* CLEffectBase.h */,
				E4222AA31F43DDEE00A60046 /* CLEffectBase.m */,
				E4222AA41F43DDEE00A60046 /* CLEffectTool.h */,
				E4222AA51F43DDEE00A60046 /* CLEffectTool.m */,
			);
			path = CLEffectTool;
			sourceTree = "<group>";
		};
		E4222A931F43DDEE00A60046 /* CLEffect */ = {
			isa = PBXGroup;
			children = (
				E4222A941F43DDEE00A60046 /* CLBloomEffect.h */,
				E4222A951F43DDEE00A60046 /* CLBloomEffect.m */,
				E4222A961F43DDEE00A60046 /* CLGloomEffect.h */,
				E4222A971F43DDEE00A60046 /* CLGloomEffect.m */,
				E4222A981F43DDEE00A60046 /* CLHighlightShadowEffect.h */,
				E4222A991F43DDEE00A60046 /* CLHighlightShadowEffect.m */,
				E4222A9A1F43DDEE00A60046 /* CLHueEffect.h */,
				E4222A9B1F43DDEE00A60046 /* CLHueEffect.m */,
				E4222A9C1F43DDEE00A60046 /* CLPixellateEffect.h */,
				E4222A9D1F43DDEE00A60046 /* CLPixellateEffect.m */,
				E4222A9E1F43DDEE00A60046 /* CLPosterizeEffect.h */,
				E4222A9F1F43DDEE00A60046 /* CLPosterizeEffect.m */,
				E4222AA01F43DDEE00A60046 /* CLSpotEffect.h */,
				E4222AA11F43DDEE00A60046 /* CLSpotEffect.m */,
			);
			path = CLEffect;
			sourceTree = "<group>";
		};
		E4222AA61F43DDEE00A60046 /* CLFilterTool */ = {
			isa = PBXGroup;
			children = (
				E4222AA71F43DDEE00A60046 /* CLFilterBase.h */,
				E4222AA81F43DDEE00A60046 /* CLFilterBase.m */,
				E4222AA91F43DDEE00A60046 /* CLFilterTool.h */,
				E4222AAA1F43DDEE00A60046 /* CLFilterTool.m */,
			);
			path = CLFilterTool;
			sourceTree = "<group>";
		};
		E4222AAD1F43DDEE00A60046 /* CLRotateTool */ = {
			isa = PBXGroup;
			children = (
				E4222AAE1F43DDEE00A60046 /* CLRotateTool.h */,
				E4222AAF1F43DDEE00A60046 /* CLRotateTool.m */,
			);
			path = CLRotateTool;
			sourceTree = "<group>";
		};
		E4222AB01F43DDEE00A60046 /* CLToneCurveTool */ = {
			isa = PBXGroup;
			children = (
				E4222AB11F43DDEE00A60046 /* CLToneCurveTool.h */,
				E4222AB21F43DDEE00A60046 /* CLToneCurveTool.m */,
			);
			path = CLToneCurveTool;
			sourceTree = "<group>";
		};
		E4222AB31F43DDEE00A60046 /* ToolSettings */ = {
			isa = PBXGroup;
			children = (
				E4222AB41F43DDEE00A60046 /* CLCircleView.h */,
				E4222AB51F43DDEE00A60046 /* CLCircleView.m */,
				E4222AB61F43DDEE00A60046 /* CLColorPickerView.h */,
				E4222AB71F43DDEE00A60046 /* CLColorPickerView.m */,
				E4222AB81F43DDEE00A60046 /* CLImageEditorTheme+Private.h */,
				E4222AB91F43DDEE00A60046 /* CLImageEditorTheme+Private.m */,
				E4222ABA1F43DDEE00A60046 /* CLImageToolInfo+Private.h */,
				E4222ABB1F43DDEE00A60046 /* CLImageToolInfo+Private.m */,
				E4222ABC1F43DDEE00A60046 /* CLImageToolProtocol.h */,
				E4222ABD1F43DDEE00A60046 /* CLImageToolSettings.h */,
				E4222ABE1F43DDEE00A60046 /* CLToolbarMenuItem.h */,
				E4222ABF1F43DDEE00A60046 /* CLToolbarMenuItem.m */,
				E4222AC01F43DDEE00A60046 /* UIView+CLImageToolInfo.h */,
				E4222AC11F43DDEF00A60046 /* UIView+CLImageToolInfo.m */,
			);
			path = ToolSettings;
			sourceTree = "<group>";
		};
		E4222AC21F43DDEF00A60046 /* Utils */ = {
			isa = PBXGroup;
			children = (
				E4222AC31F43DDEF00A60046 /* CLClassList.h */,
				E4222AC41F43DDEF00A60046 /* CLClassList.m */,
				E4222AC51F43DDEF00A60046 /* CLSplineInterpolator.h */,
				E4222AC61F43DDEF00A60046 /* CLSplineInterpolator.m */,
				E4222AC71F43DDEF00A60046 /* UIDevice+SystemVersion.h */,
				E4222AC81F43DDEF00A60046 /* UIDevice+SystemVersion.m */,
				E4222AC91F43DDEF00A60046 /* UIImage+Utility.h */,
				E4222ACA1F43DDEF00A60046 /* UIImage+Utility.m */,
				E4222ACB1F43DDEF00A60046 /* UIView+Frame.h */,
				E4222ACC1F43DDEF00A60046 /* UIView+Frame.m */,
			);
			path = Utils;
			sourceTree = "<group>";
		};
		E4222ACD1F43DDEF00A60046 /* ViewController */ = {
			isa = PBXGroup;
			children = (
				E4222ACE1F43DDEF00A60046 /* _CLImageEditorViewController.h */,
				E4222ACF1F43DDEF00A60046 /* _CLImageEditorViewController.m */,
			);
			path = ViewController;
			sourceTree = "<group>";
		};
		E4222AD01F43DDEF00A60046 /* OptionalImageTools */ = {
			isa = PBXGroup;
			children = (
				E4222AD11F43DDEF00A60046 /* CLEmoticonTool */,
				E4222AD41F43DDEF00A60046 /* CLGPUImageFilters */,
				E4222AD71F43DDEF00A60046 /* CLResizeTool */,
				E4222ADA1F43DDEF00A60046 /* CLSplashTool */,
				E4222ADD1F43DDEF00A60046 /* CLStickerTool */,
				E4222AE01F43DDEF00A60046 /* CLTextTool */,
			);
			path = OptionalImageTools;
			sourceTree = "<group>";
		};
		E4222AD11F43DDEF00A60046 /* CLEmoticonTool */ = {
			isa = PBXGroup;
			children = (
				E4222AD21F43DDEF00A60046 /* CLEmoticonTool.h */,
				E4222AD31F43DDEF00A60046 /* CLEmoticonTool.m */,
			);
			path = CLEmoticonTool;
			sourceTree = "<group>";
		};
		E4222AD41F43DDEF00A60046 /* CLGPUImageFilters */ = {
			isa = PBXGroup;
			children = (
				E4222AD51F43DDEF00A60046 /* CLGPUImageVignetteFilter.h */,
				E4222AD61F43DDEF00A60046 /* CLGPUImageVignetteFilter.m */,
			);
			path = CLGPUImageFilters;
			sourceTree = "<group>";
		};
		E4222AD71F43DDEF00A60046 /* CLResizeTool */ = {
			isa = PBXGroup;
			children = (
				E4222AD81F43DDEF00A60046 /* CLResizeTool.h */,
				E4222AD91F43DDEF00A60046 /* CLResizeTool.m */,
			);
			path = CLResizeTool;
			sourceTree = "<group>";
		};
		E4222ADA1F43DDEF00A60046 /* CLSplashTool */ = {
			isa = PBXGroup;
			children = (
				E4222ADB1F43DDEF00A60046 /* CLSplashTool.h */,
				E4222ADC1F43DDEF00A60046 /* CLSplashTool.m */,
			);
			path = CLSplashTool;
			sourceTree = "<group>";
		};
		E4222ADD1F43DDEF00A60046 /* CLStickerTool */ = {
			isa = PBXGroup;
			children = (
				E4222ADE1F43DDEF00A60046 /* CLStickerTool.h */,
				E4222ADF1F43DDEF00A60046 /* CLStickerTool.m */,
			);
			path = CLStickerTool;
			sourceTree = "<group>";
		};
		E4222AE01F43DDEF00A60046 /* CLTextTool */ = {
			isa = PBXGroup;
			children = (
				E4222AE11F43DDEF00A60046 /* CLFontPickerView.h */,
				E4222AE21F43DDEF00A60046 /* CLFontPickerView.m */,
				E4222AE31F43DDEF00A60046 /* CLPickerDrum.h */,
				E4222AE41F43DDEF00A60046 /* CLPickerDrum.m */,
				E4222AE51F43DDEF00A60046 /* CLPickerView.h */,
				E4222AE61F43DDEF00A60046 /* CLPickerView.m */,
				E4222AE71F43DDEF00A60046 /* CLTextLabel.h */,
				E4222AE81F43DDEF00A60046 /* CLTextLabel.m */,
				E4222AE91F43DDEF00A60046 /* CLTextSettingView.h */,
				E4222AEA1F43DDEF00A60046 /* CLTextSettingView.m */,
				E4222AEB1F43DDEF00A60046 /* CLTextTool.h */,
				E4222AEC1F43DDEF00A60046 /* CLTextTool.m */,
			);
			path = CLTextTool;
			sourceTree = "<group>";
		};
		E4222AF01F43DDEF00A60046 /* ViewController */ = {
			isa = PBXGroup;
			children = (
				E4222AF11F43DDEF00A60046 /* BasePhotoViewController.swift */,
				E4222AF21F43DDEF00A60046 /* MGAlbumViewController.swift */,
				E4222AF31F43DDEF00A60046 /* MGAlbumViewController.xib */,
				E4222AF41F43DDEF00A60046 /* MGGrounpPhotosViewController.swift */,
				E4222AF51F43DDEF00A60046 /* MGGrounpPhotosViewController.xib */,
				E4222AF61F43DDEF00A60046 /* MGPhotoAnimator.swift */,
				E4222AF71F43DDEF00A60046 /* MGPickerViewController.swift */,
				E4222AF81F43DDEF00A60046 /* MGPreViewImageController.swift */,
				E4222AF91F43DDEF00A60046 /* MGPreViewImageController.xib */,
				E4222AFA1F43DDEF00A60046 /* View */,
			);
			path = ViewController;
			sourceTree = "<group>";
		};
		E4222AFA1F43DDEF00A60046 /* View */ = {
			isa = PBXGroup;
			children = (
				E4222AFB1F43DDEF00A60046 /* MGAlbumCell.swift */,
				E4222AFC1F43DDEF00A60046 /* MGAlbumCell.xib */,
				E4222AFD1F43DDEF00A60046 /* MGPreViewCell.swift */,
				E4222AFE1F43DDEF00A60046 /* MGPreViewCell.xib */,
				E4222AFF1F43DDEF00A60046 /* MGZoomView.swift */,
				E4222B001F43DDEF00A60046 /* MGPhotoPickerTools.swift */,
			);
			path = View;
			sourceTree = "<group>";
		};
		E4222B011F43DDEF00A60046 /* ZLCamera */ = {
			isa = PBXGroup;
			children = (
				E4222B021F43DDEF00A60046 /* LGCameraImageView.h */,
				E4222B031F43DDEF00A60046 /* LGCameraImageView.m */,
				E4222B041F43DDEF00A60046 /* LGPhoto.h */,
				E4222B051F43DDEF00A60046 /* LGPhotoPickerCommon.h */,
				E4222B061F43DDEF00A60046 /* SCSlider.h */,
				E4222B071F43DDEF00A60046 /* SCSlider.m */,
				E4222B081F43DDEF00A60046 /* ZLCamera.h */,
				E4222B091F43DDEF00A60046 /* ZLCamera.m */,
				E4222B0A1F43DDEF00A60046 /* ZLCameraImageView.h */,
				E4222B0B1F43DDEF00A60046 /* ZLCameraImageView.m */,
				E4222B0C1F43DDEF00A60046 /* ZLCameraView.h */,
				E4222B0D1F43DDEF00A60046 /* ZLCameraView.m */,
				E4222B0E1F43DDEF00A60046 /* ZLCameraViewController.h */,
				E4222B0F1F43DDEF00A60046 /* ZLCameraViewController.m */,
				E4222B581F443BDA00A60046 /* Camera.bundle */,
			);
			path = ZLCamera;
			sourceTree = "<group>";
		};
		E4222B5A1F443F6300A60046 /* PhotoPicker */ = {
			isa = PBXGroup;
			children = (
				E4222B5B1F443F6300A60046 /* camera_icon@2x.png */,
				E4222B5C1F443F6300A60046 /* camera_icon@3x.png */,
				E4222B5D1F443F6300A60046 /* cancel_icon@2x.png */,
				E4222B5E1F443F6300A60046 /* cancel_icon@3x.png */,
				E4222B5F1F443F6300A60046 /* confirm_icon@2x.png */,
				E4222B601F443F6300A60046 /* confirm_icon@3x.png */,
				E4222B611F443F6300A60046 /* edit_icon@2x.png */,
				E4222B621F443F6300A60046 /* edit_icon@3x.png */,
				E4222B631F443F6300A60046 /* ic_closeView@2x.png */,
				E4222B641F443F6300A60046 /* ic_closeView@3x.png */,
				E4222B651F443F6300A60046 /* photo_icon@2x.png */,
				E4222B661F443F6300A60046 /* photo_icon@3x.png */,
				E4222B671F443F6300A60046 /* pic_selectedIcon@2x.png */,
				E4222B681F443F6300A60046 /* pic_selectedIcon@3x.png */,
				E4222B691F443F6300A60046 /* pic_unSelectedIcon@2x.png */,
				E4222B6A1F443F6300A60046 /* pic_unSelectedIcon@3x.png */,
				E4222B6B1F443F6300A60046 /* preview_icon@2x.png */,
				E4222B6C1F443F6300A60046 /* preview_icon@3x.png */,
			);
			path = PhotoPicker;
			sourceTree = "<group>";
		};
		E4F4271F1F4000880011CAD0 = {
			isa = PBXGroup;
			children = (
				E42228CD1F41986C00A60046 /* Sources */,
				E4F4272A1F4000880011CAD0 /* MGPhotoPicker-Demo */,
				E4F4273F1F4000880011CAD0 /* MGPhotoPicker-DemoTests */,
				E4F4274A1F4000880011CAD0 /* MGPhotoPicker-DemoUITests */,
				E4F427291F4000880011CAD0 /* Products */,
				E4F428191F4004100011CAD0 /* Frameworks */,
				0D596FD2867EA5D05060156B /* Pods */,
			);
			sourceTree = "<group>";
		};
		E4F427291F4000880011CAD0 /* Products */ = {
			isa = PBXGroup;
			children = (
				E4F427281F4000880011CAD0 /* MGPhotoPicker.app */,
				E4F4273C1F4000880011CAD0 /* MGPhotoPicker-DemoTests.xctest */,
				E4F427471F4000880011CAD0 /* MGPhotoPicker-DemoUITests.xctest */,
			);
			name = Products;
			sourceTree = "<group>";
		};
		E4F4272A1F4000880011CAD0 /* MGPhotoPicker-Demo */ = {
			isa = PBXGroup;
			children = (
				E4F4272B1F4000880011CAD0 /* AppDelegate.swift */,
				E4F4272D1F4000880011CAD0 /* ViewController.swift */,
				E4F4272F1F4000880011CAD0 /* Main.storyboard */,
				E4F427341F4000880011CAD0 /* LaunchScreen.storyboard */,
				E42227741F4192FE00A60046 /* Assets.xcassets */,
				E4F427371F4000880011CAD0 /* Info.plist */,
			);
			path = "MGPhotoPicker-Demo";
			sourceTree = "<group>";
		};
		E4F4273F1F4000880011CAD0 /* MGPhotoPicker-DemoTests */ = {
			isa = PBXGroup;
			children = (
				E4F427401F4000880011CAD0 /* MGPhotoPicker_DemoTests.swift */,
				E4F427421F4000880011CAD0 /* Info.plist */,
			);
			path = "MGPhotoPicker-DemoTests";
			sourceTree = "<group>";
		};
		E4F4274A1F4000880011CAD0 /* MGPhotoPicker-DemoUITests */ = {
			isa = PBXGroup;
			children = (
				E4F4274B1F4000880011CAD0 /* MGPhotoPicker_DemoUITests.swift */,
				E4F4274D1F4000880011CAD0 /* Info.plist */,
			);
			path = "MGPhotoPicker-DemoUITests";
			sourceTree = "<group>";
		};
		E4F428191F4004100011CAD0 /* Frameworks */ = {
			isa = PBXGroup;
			children = (
				E4F4281C1F4004580011CAD0 /* Photos.framework */,
				E4F4281A1F4004110011CAD0 /* AssetsLibrary.framework */,
				627EE33C103E99B92B7F1AE4 /* Pods_MGPhotoPicker_Demo.framework */,
				E413B9970A8355B6C7D91EE6 /* Pods_MGPhotoPicker_DemoTests.framework */,
				1DB501626581CDE21B88497A /* Pods_MGPhotoPicker_DemoUITests.framework */,
			);
			name = Frameworks;
			sourceTree = "<group>";
		};
/* End PBXGroup section */

/* Begin PBXNativeTarget section */
		E4F427271F4000880011CAD0 /* MGPhotoPicker-Demo */ = {
			isa = PBXNativeTarget;
			buildConfigurationList = E4F427501F4000880011CAD0 /* Build configuration list for PBXNativeTarget "MGPhotoPicker-Demo" */;
			buildPhases = (
				6D301B1EE2D6EB76DE0E9903 /* [CP] Check Pods Manifest.lock */,
				E4F427241F4000880011CAD0 /* Sources */,
				E4F427251F4000880011CAD0 /* Frameworks */,
				E4F427261F4000880011CAD0 /* Resources */,
				D44C38B4BEB1EA0D65A7D2EE /* [CP] Embed Pods Frameworks */,
				1C9520F38072F1F7611D2665 /* [CP] Copy Pods Resources */,
			);
			buildRules = (
			);
			dependencies = (
			);
			name = "MGPhotoPicker-Demo";
			productName = "MGPhotoPicker-Demo";
			productReference = E4F427281F4000880011CAD0 /* MGPhotoPicker.app */;
			productType = "com.apple.product-type.application";
		};
		E4F4273B1F4000880011CAD0 /* MGPhotoPicker-DemoTests */ = {
			isa = PBXNativeTarget;
			buildConfigurationList = E4F427531F4000880011CAD0 /* Build configuration list for PBXNativeTarget "MGPhotoPicker-DemoTests" */;
			buildPhases = (
				50C16DCAB7446391192CA14A /* [CP] Check Pods Manifest.lock */,
				E4F427381F4000880011CAD0 /* Sources */,
				E4F427391F4000880011CAD0 /* Frameworks */,
				E4F4273A1F4000880011CAD0 /* Resources */,
				E9E06A04B066FB8112754656 /* [CP] Embed Pods Frameworks */,
				69EA9F28115596724D7A5A75 /* [CP] Copy Pods Resources */,
			);
			buildRules = (
			);
			dependencies = (
				E4F4273E1F4000880011CAD0 /* PBXTargetDependency */,
			);
			name = "MGPhotoPicker-DemoTests";
			productName = "MGPhotoPicker-DemoTests";
			productReference = E4F4273C1F4000880011CAD0 /* MGPhotoPicker-DemoTests.xctest */;
			productType = "com.apple.product-type.bundle.unit-test";
		};
		E4F427461F4000880011CAD0 /* MGPhotoPicker-DemoUITests */ = {
			isa = PBXNativeTarget;
			buildConfigurationList = E4F427561F4000880011CAD0 /* Build configuration list for PBXNativeTarget "MGPhotoPicker-DemoUITests" */;
			buildPhases = (
				8C25389033A78EFD0B7DF08C /* [CP] Check Pods Manifest.lock */,
				E4F427431F4000880011CAD0 /* Sources */,
				E4F427441F4000880011CAD0 /* Frameworks */,
				E4F427451F4000880011CAD0 /* Resources */,
				B8BECADEDE9E04A5D8085546 /* [CP] Embed Pods Frameworks */,
				DD30DBF077E46FAFD9E71C84 /* [CP] Copy Pods Resources */,
			);
			buildRules = (
			);
			dependencies = (
				E4F427491F4000880011CAD0 /* PBXTargetDependency */,
			);
			name = "MGPhotoPicker-DemoUITests";
			productName = "MGPhotoPicker-DemoUITests";
			productReference = E4F427471F4000880011CAD0 /* MGPhotoPicker-DemoUITests.xctest */;
			productType = "com.apple.product-type.bundle.ui-testing";
		};
/* End PBXNativeTarget section */

/* Begin PBXProject section */
		E4F427201F4000880011CAD0 /* Project object */ = {
			isa = PBXProject;
			attributes = {
				LastSwiftUpdateCheck = 0830;
				LastUpgradeCheck = 0830;
				ORGANIZATIONNAME = song;
				TargetAttributes = {
					E4F427271F4000880011CAD0 = {
						CreatedOnToolsVersion = 8.3.3;
						DevelopmentTeam = QJWKFR3L8K;
						ProvisioningStyle = Automatic;
					};
					E4F4273B1F4000880011CAD0 = {
						CreatedOnToolsVersion = 8.3.3;
						DevelopmentTeam = QJWKFR3L8K;
						ProvisioningStyle = Automatic;
						TestTargetID = E4F427271F4000880011CAD0;
					};
					E4F427461F4000880011CAD0 = {
						CreatedOnToolsVersion = 8.3.3;
						DevelopmentTeam = QJWKFR3L8K;
						ProvisioningStyle = Automatic;
						TestTargetID = E4F427271F4000880011CAD0;
					};
				};
			};
			buildConfigurationList = E4F427231F4000880011CAD0 /* Build configuration list for PBXProject "MGPhotoPicker-Demo" */;
			compatibilityVersion = "Xcode 3.2";
			developmentRegion = English;
			hasScannedForEncodings = 0;
			knownRegions = (
				en,
				Base,
			);
			mainGroup = E4F4271F1F4000880011CAD0;
			productRefGroup = E4F427291F4000880011CAD0 /* Products */;
			projectDirPath = "";
			projectRoot = "";
			targets = (
				E4F427271F4000880011CAD0 /* MGPhotoPicker-Demo */,
				E4F4273B1F4000880011CAD0 /* MGPhotoPicker-DemoTests */,
				E4F427461F4000880011CAD0 /* MGPhotoPicker-DemoUITests */,
			);
		};
/* End PBXProject section */

/* Begin PBXResourcesBuildPhase section */
		E4F427261F4000880011CAD0 /* Resources */ = {
			isa = PBXResourcesBuildPhase;
			buildActionMask = 2147483647;
			files = (
				E4222B6D1F443F6300A60046 /* camera_icon@2x.png in Resources */,
				E4222B7D1F443F6300A60046 /* preview_icon@2x.png in Resources */,
				E4222B731F443F6300A60046 /* edit_icon@2x.png in Resources */,
				E4222B7A1F443F6300A60046 /* pic_selectedIcon@3x.png in Resources */,
				E4222B411F43DDEF00A60046 /* MGAlbumViewController.xib in Resources */,
				E4222B781F443F6300A60046 /* photo_icon@3x.png in Resources */,
				E4F427361F4000880011CAD0 /* LaunchScreen.storyboard in Resources */,
				E4222B101F43DDEF00A60046 /* CLImageEditor.bundle in Resources */,
				E4222B471F43DDEF00A60046 /* MGPreViewImageController.xib in Resources */,
				E4222B591F443BDA00A60046 /* Camera.bundle in Resources */,
				E4222B4B1F43DDEF00A60046 /* MGPreViewCell.xib in Resources */,
				E4222B721F443F6300A60046 /* confirm_icon@3x.png in Resources */,
				E4222B431F43DDEF00A60046 /* MGGrounpPhotosViewController.xib in Resources */,
				E4222B751F443F6300A60046 /* ic_closeView@2x.png in Resources */,
				E4222B7B1F443F6300A60046 /* pic_unSelectedIcon@2x.png in Resources */,
				E4222B771F443F6300A60046 /* photo_icon@2x.png in Resources */,
				E4222B741F443F6300A60046 /* edit_icon@3x.png in Resources */,
				E4222B491F43DDEF00A60046 /* MGAlbumCell.xib in Resources */,
				E4222B6E1F443F6300A60046 /* camera_icon@3x.png in Resources */,
				E4222B701F443F6300A60046 /* cancel_icon@3x.png in Resources */,
				E4222B7C1F443F6300A60046 /* pic_unSelectedIcon@3x.png in Resources */,
				E4F427311F4000880011CAD0 /* Main.storyboard in Resources */,
				E4222B6F1F443F6300A60046 /* cancel_icon@2x.png in Resources */,
				E4222B7E1F443F6300A60046 /* preview_icon@3x.png in Resources */,
				E4222B761F443F6300A60046 /* ic_closeView@3x.png in Resources */,
				E4222B791F443F6300A60046 /* pic_selectedIcon@2x.png in Resources */,
				E42227751F4192FE00A60046 /* Assets.xcassets in Resources */,
				E4222B711F443F6300A60046 /* confirm_icon@2x.png in Resources */,
			);
			runOnlyForDeploymentPostprocessing = 0;
		};
		E4F4273A1F4000880011CAD0 /* Resources */ = {
			isa = PBXResourcesBuildPhase;
			buildActionMask = 2147483647;
			files = (
			);
			runOnlyForDeploymentPostprocessing = 0;
		};
		E4F427451F4000880011CAD0 /* Resources */ = {
			isa = PBXResourcesBuildPhase;
			buildActionMask = 2147483647;
			files = (
			);
			runOnlyForDeploymentPostprocessing = 0;
		};
/* End PBXResourcesBuildPhase section */

/* Begin PBXShellScriptBuildPhase section */
		1C9520F38072F1F7611D2665 /* [CP] Copy Pods Resources */ = {
			isa = PBXShellScriptBuildPhase;
			buildActionMask = 2147483647;
			files = (
			);
			inputPaths = (
			);
			name = "[CP] Copy Pods Resources";
			outputPaths = (
			);
			runOnlyForDeploymentPostprocessing = 0;
			shellPath = /bin/sh;
			shellScript = "\"${SRCROOT}/Pods/Target Support Files/Pods-MGPhotoPicker-Demo/Pods-MGPhotoPicker-Demo-resources.sh\"\n";
			showEnvVarsInLog = 0;
		};
		50C16DCAB7446391192CA14A /* [CP] Check Pods Manifest.lock */ = {
			isa = PBXShellScriptBuildPhase;
			buildActionMask = 2147483647;
			files = (
			);
			inputPaths = (
				"${PODS_PODFILE_DIR_PATH}/Podfile.lock",
				"${PODS_ROOT}/Manifest.lock",
			);
			name = "[CP] Check Pods Manifest.lock";
			outputPaths = (
				"$(DERIVED_FILE_DIR)/Pods-MGPhotoPicker-DemoTests-checkManifestLockResult.txt",
			);
			runOnlyForDeploymentPostprocessing = 0;
			shellPath = /bin/sh;
			shellScript = "diff \"${PODS_PODFILE_DIR_PATH}/Podfile.lock\" \"${PODS_ROOT}/Manifest.lock\" > /dev/null\nif [ $? != 0 ] ; then\n    # print error to STDERR\n    echo \"error: The sandbox is not in sync with the Podfile.lock. Run 'pod install' or update your CocoaPods installation.\" >&2\n    exit 1\nfi\n# This output is used by Xcode 'outputs' to avoid re-running this script phase.\necho \"SUCCESS\" > \"${SCRIPT_OUTPUT_FILE_0}\"\n";
			showEnvVarsInLog = 0;
		};
		69EA9F28115596724D7A5A75 /* [CP] Copy Pods Resources */ = {
			isa = PBXShellScriptBuildPhase;
			buildActionMask = 2147483647;
			files = (
			);
			inputPaths = (
			);
			name = "[CP] Copy Pods Resources";
			outputPaths = (
			);
			runOnlyForDeploymentPostprocessing = 0;
			shellPath = /bin/sh;
			shellScript = "\"${SRCROOT}/Pods/Target Support Files/Pods-MGPhotoPicker-DemoTests/Pods-MGPhotoPicker-DemoTests-resources.sh\"\n";
			showEnvVarsInLog = 0;
		};
		6D301B1EE2D6EB76DE0E9903 /* [CP] Check Pods Manifest.lock */ = {
			isa = PBXShellScriptBuildPhase;
			buildActionMask = 2147483647;
			files = (
			);
			inputPaths = (
				"${PODS_PODFILE_DIR_PATH}/Podfile.lock",
				"${PODS_ROOT}/Manifest.lock",
			);
			name = "[CP] Check Pods Manifest.lock";
			outputPaths = (
				"$(DERIVED_FILE_DIR)/Pods-MGPhotoPicker-Demo-checkManifestLockResult.txt",
			);
			runOnlyForDeploymentPostprocessing = 0;
			shellPath = /bin/sh;
			shellScript = "diff \"${PODS_PODFILE_DIR_PATH}/Podfile.lock\" \"${PODS_ROOT}/Manifest.lock\" > /dev/null\nif [ $? != 0 ] ; then\n    # print error to STDERR\n    echo \"error: The sandbox is not in sync with the Podfile.lock. Run 'pod install' or update your CocoaPods installation.\" >&2\n    exit 1\nfi\n# This output is used by Xcode 'outputs' to avoid re-running this script phase.\necho \"SUCCESS\" > \"${SCRIPT_OUTPUT_FILE_0}\"\n";
			showEnvVarsInLog = 0;
		};
		8C25389033A78EFD0B7DF08C /* [CP] Check Pods Manifest.lock */ = {
			isa = PBXShellScriptBuildPhase;
			buildActionMask = 2147483647;
			files = (
			);
			inputPaths = (
				"${PODS_PODFILE_DIR_PATH}/Podfile.lock",
				"${PODS_ROOT}/Manifest.lock",
			);
			name = "[CP] Check Pods Manifest.lock";
			outputPaths = (
				"$(DERIVED_FILE_DIR)/Pods-MGPhotoPicker-DemoUITests-checkManifestLockResult.txt",
			);
			runOnlyForDeploymentPostprocessing = 0;
			shellPath = /bin/sh;
			shellScript = "diff \"${PODS_PODFILE_DIR_PATH}/Podfile.lock\" \"${PODS_ROOT}/Manifest.lock\" > /dev/null\nif [ $? != 0 ] ; then\n    # print error to STDERR\n    echo \"error: The sandbox is not in sync with the Podfile.lock. Run 'pod install' or update your CocoaPods installation.\" >&2\n    exit 1\nfi\n# This output is used by Xcode 'outputs' to avoid re-running this script phase.\necho \"SUCCESS\" > \"${SCRIPT_OUTPUT_FILE_0}\"\n";
			showEnvVarsInLog = 0;
		};
		B8BECADEDE9E04A5D8085546 /* [CP] Embed Pods Frameworks */ = {
			isa = PBXShellScriptBuildPhase;
			buildActionMask = 2147483647;
			files = (
			);
			inputPaths = (
			);
			name = "[CP] Embed Pods Frameworks";
			outputPaths = (
			);
			runOnlyForDeploymentPostprocessing = 0;
			shellPath = /bin/sh;
			shellScript = "\"${SRCROOT}/Pods/Target Support Files/Pods-MGPhotoPicker-DemoUITests/Pods-MGPhotoPicker-DemoUITests-frameworks.sh\"\n";
			showEnvVarsInLog = 0;
		};
		D44C38B4BEB1EA0D65A7D2EE /* [CP] Embed Pods Frameworks */ = {
			isa = PBXShellScriptBuildPhase;
			buildActionMask = 2147483647;
			files = (
			);
			inputPaths = (
				"${SRCROOT}/Pods/Target Support Files/Pods-MGPhotoPicker-Demo/Pods-MGPhotoPicker-Demo-frameworks.sh",
				"${BUILT_PRODUCTS_DIR}/MGProgressHUD/MGProgressHUD.framework",
			);
			name = "[CP] Embed Pods Frameworks";
			outputPaths = (
				"${TARGET_BUILD_DIR}/${FRAMEWORKS_FOLDER_PATH}/MGProgressHUD.framework",
			);
			runOnlyForDeploymentPostprocessing = 0;
			shellPath = /bin/sh;
			shellScript = "\"${SRCROOT}/Pods/Target Support Files/Pods-MGPhotoPicker-Demo/Pods-MGPhotoPicker-Demo-frameworks.sh\"\n";
			showEnvVarsInLog = 0;
		};
		DD30DBF077E46FAFD9E71C84 /* [CP] Copy Pods Resources */ = {
			isa = PBXShellScriptBuildPhase;
			buildActionMask = 2147483647;
			files = (
			);
			inputPaths = (
			);
			name = "[CP] Copy Pods Resources";
			outputPaths = (
			);
			runOnlyForDeploymentPostprocessing = 0;
			shellPath = /bin/sh;
			shellScript = "\"${SRCROOT}/Pods/Target Support Files/Pods-MGPhotoPicker-DemoUITests/Pods-MGPhotoPicker-DemoUITests-resources.sh\"\n";
			showEnvVarsInLog = 0;
		};
		E9E06A04B066FB8112754656 /* [CP] Embed Pods Frameworks */ = {
			isa = PBXShellScriptBuildPhase;
			buildActionMask = 2147483647;
			files = (
			);
			inputPaths = (
			);
			name = "[CP] Embed Pods Frameworks";
			outputPaths = (
			);
			runOnlyForDeploymentPostprocessing = 0;
			shellPath = /bin/sh;
			shellScript = "\"${SRCROOT}/Pods/Target Support Files/Pods-MGPhotoPicker-DemoTests/Pods-MGPhotoPicker-DemoTests-frameworks.sh\"\n";
			showEnvVarsInLog = 0;
		};
/* End PBXShellScriptBuildPhase section */

/* Begin PBXSourcesBuildPhase section */
		E4F427241F4000880011CAD0 /* Sources */ = {
			isa = PBXSourcesBuildPhase;
			buildActionMask = 2147483647;
			files = (
				E4222B331F43DDEF00A60046 /* CLGPUImageVignetteFilter.m in Sources */,
				E4222B211F43DDEF00A60046 /* CLFilterBase.m in Sources */,
				E4222B401F43DDEF00A60046 /* MGAlbumViewController.swift in Sources */,
				E4F4272E1F4000880011CAD0 /* ViewController.swift in Sources */,
				E4222B141F43DDEF00A60046 /* CLAdjustmentTool.m in Sources */,
				E4222B521F43DDEF00A60046 /* ZLCameraView.m in Sources */,
				E4222B481F43DDEF00A60046 /* MGAlbumCell.swift in Sources */,
				E4222B1A1F43DDEF00A60046 /* CLHighlightShadowEffect.m in Sources */,
				E4222B291F43DDEF00A60046 /* CLImageToolInfo+Private.m in Sources */,
				E4222B371F43DDEF00A60046 /* CLFontPickerView.m in Sources */,
				E4222B341F43DDEF00A60046 /* CLResizeTool.m in Sources */,
				E4222B441F43DDEF00A60046 /* MGPhotoAnimator.swift in Sources */,
				E4F4272C1F4000880011CAD0 /* AppDelegate.swift in Sources */,
				E4222B391F43DDEF00A60046 /* CLPickerView.m in Sources */,
				E4222B3F1F43DDEF00A60046 /* BasePhotoViewController.swift in Sources */,
				E4222B3E1F43DDEF00A60046 /* MGPhotoPicker.swift in Sources */,
				E4222B261F43DDEF00A60046 /* CLCircleView.m in Sources */,
				E4222B151F43DDEF00A60046 /* CLBlurTool.m in Sources */,
				E4222B311F43DDEF00A60046 /* _CLImageEditorViewController.m in Sources */,
				E4222B451F43DDEF00A60046 /* MGPickerViewController.swift in Sources */,
				E4222B111F43DDEF00A60046 /* CLImageEditor.m in Sources */,
				E4222B1F1F43DDEF00A60046 /* CLEffectBase.m in Sources */,
				E4222B201F43DDEF00A60046 /* CLEffectTool.m in Sources */,
				E4222B231F43DDEF00A60046 /* CLImageToolBase.m in Sources */,
				E4222B181F43DDEF00A60046 /* CLBloomEffect.m in Sources */,
				E4222B131F43DDEF00A60046 /* CLImageToolInfo.m in Sources */,
				E4222B301F43DDEF00A60046 /* UIView+Frame.m in Sources */,
				E4222B4D1F43DDEF00A60046 /* MGPhotoPickerTools.swift in Sources */,
				E4222B281F43DDEF00A60046 /* CLImageEditorTheme+Private.m in Sources */,
				E4222B2C1F43DDEF00A60046 /* CLClassList.m in Sources */,
				E4222B2D1F43DDEF00A60046 /* CLSplineInterpolator.m in Sources */,
				E4222B3C1F43DDEF00A60046 /* CLTextTool.m in Sources */,
				E4222B1C1F43DDEF00A60046 /* CLPixellateEffect.m in Sources */,
				E4222B531F43DDEF00A60046 /* ZLCameraViewController.m in Sources */,
				E4222B2B1F43DDEF00A60046 /* UIView+CLImageToolInfo.m in Sources */,
				E4222B221F43DDEF00A60046 /* CLFilterTool.m in Sources */,
				E4222B421F43DDEF00A60046 /* MGGrounpPhotosViewController.swift in Sources */,
				E4222B161F43DDEF00A60046 /* CLClippingTool.m in Sources */,
				E4222B121F43DDEF00A60046 /* CLImageEditorTheme.m in Sources */,
				E4222B511F43DDEF00A60046 /* ZLCameraImageView.m in Sources */,
				E4222B4E1F43DDEF00A60046 /* LGCameraImageView.m in Sources */,
				E4222B3B1F43DDEF00A60046 /* CLTextSettingView.m in Sources */,
				E4222B3A1F43DDEF00A60046 /* CLTextLabel.m in Sources */,
				E4222B3D1F43DDEF00A60046 /* MGImageModel.swift in Sources */,
				E4222B351F43DDEF00A60046 /* CLSplashTool.m in Sources */,
				E4222B271F43DDEF00A60046 /* CLColorPickerView.m in Sources */,
				E4222B2E1F43DDEF00A60046 /* UIDevice+SystemVersion.m in Sources */,
				E4222B381F43DDEF00A60046 /* CLPickerDrum.m in Sources */,
				E4222B321F43DDEF00A60046 /* CLEmoticonTool.m in Sources */,
				E4222B2A1F43DDEF00A60046 /* CLToolbarMenuItem.m in Sources */,
				E4222B461F43DDEF00A60046 /* MGPreViewImageController.swift in Sources */,
				E4222B251F43DDEF00A60046 /* CLToneCurveTool.m in Sources */,
				E4222B1E1F43DDEF00A60046 /* CLSpotEffect.m in Sources */,
				E4222B4F1F43DDEF00A60046 /* SCSlider.m in Sources */,
				E4222B171F43DDEF00A60046 /* CLDrawTool.m in Sources */,
				E4222B1B1F43DDEF00A60046 /* CLHueEffect.m in Sources */,
				E4222B191F43DDEF00A60046 /* CLGloomEffect.m in Sources */,
				E4222B501F43DDEF00A60046 /* ZLCamera.m in Sources */,
				E4222B361F43DDEF00A60046 /* CLStickerTool.m in Sources */,
				E4222B4C1F43DDEF00A60046 /* MGZoomView.swift in Sources */,
				E4222B4A1F43DDEF00A60046 /* MGPreViewCell.swift in Sources */,
				E4222B1D1F43DDEF00A60046 /* CLPosterizeEffect.m in Sources */,
				E4222B2F1F43DDEF00A60046 /* UIImage+Utility.m in Sources */,
				E4222B241F43DDEF00A60046 /* CLRotateTool.m in Sources */,
			);
			runOnlyForDeploymentPostprocessing = 0;
		};
		E4F427381F4000880011CAD0 /* Sources */ = {
			isa = PBXSourcesBuildPhase;
			buildActionMask = 2147483647;
			files = (
				E4F427411F4000880011CAD0 /* MGPhotoPicker_DemoTests.swift in Sources */,
			);
			runOnlyForDeploymentPostprocessing = 0;
		};
		E4F427431F4000880011CAD0 /* Sources */ = {
			isa = PBXSourcesBuildPhase;
			buildActionMask = 2147483647;
			files = (
				E4F4274C1F4000880011CAD0 /* MGPhotoPicker_DemoUITests.swift in Sources */,
			);
			runOnlyForDeploymentPostprocessing = 0;
		};
/* End PBXSourcesBuildPhase section */

/* Begin PBXTargetDependency section */
		E4F4273E1F4000880011CAD0 /* PBXTargetDependency */ = {
			isa = PBXTargetDependency;
			target = E4F427271F4000880011CAD0 /* MGPhotoPicker-Demo */;
			targetProxy = E4F4273D1F4000880011CAD0 /* PBXContainerItemProxy */;
		};
		E4F427491F4000880011CAD0 /* PBXTargetDependency */ = {
			isa = PBXTargetDependency;
			target = E4F427271F4000880011CAD0 /* MGPhotoPicker-Demo */;
			targetProxy = E4F427481F4000880011CAD0 /* PBXContainerItemProxy */;
		};
/* End PBXTargetDependency section */

/* Begin PBXVariantGroup section */
		E4F4272F1F4000880011CAD0 /* Main.storyboard */ = {
			isa = PBXVariantGroup;
			children = (
				E4F427301F4000880011CAD0 /* Base */,
			);
			name = Main.storyboard;
			sourceTree = "<group>";
		};
		E4F427341F4000880011CAD0 /* LaunchScreen.storyboard */ = {
			isa = PBXVariantGroup;
			children = (
				E4F427351F4000880011CAD0 /* Base */,
			);
			name = LaunchScreen.storyboard;
			sourceTree = "<group>";
		};
/* End PBXVariantGroup section */

/* Begin XCBuildConfiguration section */
		E4F4274E1F4000880011CAD0 /* Debug */ = {
			isa = XCBuildConfiguration;
			buildSettings = {
				ALWAYS_SEARCH_USER_PATHS = NO;
				CLANG_ANALYZER_NONNULL = YES;
				CLANG_ANALYZER_NUMBER_OBJECT_CONVERSION = YES_AGGRESSIVE;
				CLANG_CXX_LANGUAGE_STANDARD = "gnu++0x";
				CLANG_CXX_LIBRARY = "libc++";
				CLANG_ENABLE_MODULES = YES;
				CLANG_ENABLE_OBJC_ARC = YES;
				CLANG_WARN_BOOL_CONVERSION = YES;
				CLANG_WARN_CONSTANT_CONVERSION = YES;
				CLANG_WARN_DIRECT_OBJC_ISA_USAGE = YES_ERROR;
				CLANG_WARN_DOCUMENTATION_COMMENTS = YES;
				CLANG_WARN_EMPTY_BODY = YES;
				CLANG_WARN_ENUM_CONVERSION = YES;
				CLANG_WARN_INFINITE_RECURSION = YES;
				CLANG_WARN_INT_CONVERSION = YES;
				CLANG_WARN_OBJC_ROOT_CLASS = YES_ERROR;
				CLANG_WARN_SUSPICIOUS_MOVE = YES;
				CLANG_WARN_UNREACHABLE_CODE = YES;
				CLANG_WARN__DUPLICATE_METHOD_MATCH = YES;
				"CODE_SIGN_IDENTITY[sdk=iphoneos*]" = "iPhone Developer";
				COPY_PHASE_STRIP = NO;
				DEBUG_INFORMATION_FORMAT = dwarf;
				ENABLE_STRICT_OBJC_MSGSEND = YES;
				ENABLE_TESTABILITY = YES;
				GCC_C_LANGUAGE_STANDARD = gnu99;
				GCC_DYNAMIC_NO_PIC = NO;
				GCC_NO_COMMON_BLOCKS = YES;
				GCC_OPTIMIZATION_LEVEL = 0;
				GCC_PREPROCESSOR_DEFINITIONS = (
					"DEBUG=1",
					"$(inherited)",
				);
				GCC_WARN_64_TO_32_BIT_CONVERSION = YES;
				GCC_WARN_ABOUT_RETURN_TYPE = YES_ERROR;
				GCC_WARN_UNDECLARED_SELECTOR = YES;
				GCC_WARN_UNINITIALIZED_AUTOS = YES_AGGRESSIVE;
				GCC_WARN_UNUSED_FUNCTION = YES;
				GCC_WARN_UNUSED_VARIABLE = YES;
				IPHONEOS_DEPLOYMENT_TARGET = 10.3;
				MTL_ENABLE_DEBUG_INFO = YES;
				ONLY_ACTIVE_ARCH = YES;
				SDKROOT = iphoneos;
				SWIFT_ACTIVE_COMPILATION_CONDITIONS = DEBUG;
				SWIFT_OPTIMIZATION_LEVEL = "-Onone";
				TARGETED_DEVICE_FAMILY = "1,2";
			};
			name = Debug;
		};
		E4F4274F1F4000880011CAD0 /* Release */ = {
			isa = XCBuildConfiguration;
			buildSettings = {
				ALWAYS_SEARCH_USER_PATHS = NO;
				CLANG_ANALYZER_NONNULL = YES;
				CLANG_ANALYZER_NUMBER_OBJECT_CONVERSION = YES_AGGRESSIVE;
				CLANG_CXX_LANGUAGE_STANDARD = "gnu++0x";
				CLANG_CXX_LIBRARY = "libc++";
				CLANG_ENABLE_MODULES = YES;
				CLANG_ENABLE_OBJC_ARC = YES;
				CLANG_WARN_BOOL_CONVERSION = YES;
				CLANG_WARN_CONSTANT_CONVERSION = YES;
				CLANG_WARN_DIRECT_OBJC_ISA_USAGE = YES_ERROR;
				CLANG_WARN_DOCUMENTATION_COMMENTS = YES;
				CLANG_WARN_EMPTY_BODY = YES;
				CLANG_WARN_ENUM_CONVERSION = YES;
				CLANG_WARN_INFINITE_RECURSION = YES;
				CLANG_WARN_INT_CONVERSION = YES;
				CLANG_WARN_OBJC_ROOT_CLASS = YES_ERROR;
				CLANG_WARN_SUSPICIOUS_MOVE = YES;
				CLANG_WARN_UNREACHABLE_CODE = YES;
				CLANG_WARN__DUPLICATE_METHOD_MATCH = YES;
				"CODE_SIGN_IDENTITY[sdk=iphoneos*]" = "iPhone Developer";
				COPY_PHASE_STRIP = NO;
				DEBUG_INFORMATION_FORMAT = "dwarf-with-dsym";
				ENABLE_NS_ASSERTIONS = NO;
				ENABLE_STRICT_OBJC_MSGSEND = YES;
				GCC_C_LANGUAGE_STANDARD = gnu99;
				GCC_NO_COMMON_BLOCKS = YES;
				GCC_WARN_64_TO_32_BIT_CONVERSION = YES;
				GCC_WARN_ABOUT_RETURN_TYPE = YES_ERROR;
				GCC_WARN_UNDECLARED_SELECTOR = YES;
				GCC_WARN_UNINITIALIZED_AUTOS = YES_AGGRESSIVE;
				GCC_WARN_UNUSED_FUNCTION = YES;
				GCC_WARN_UNUSED_VARIABLE = YES;
				IPHONEOS_DEPLOYMENT_TARGET = 10.3;
				MTL_ENABLE_DEBUG_INFO = NO;
				SDKROOT = iphoneos;
				SWIFT_OPTIMIZATION_LEVEL = "-Owholemodule";
				TARGETED_DEVICE_FAMILY = "1,2";
				VALIDATE_PRODUCT = YES;
			};
			name = Release;
		};
		E4F427511F4000880011CAD0 /* Debug */ = {
			isa = XCBuildConfiguration;
			baseConfigurationReference = 09C1431FFD5E581584A2FCA9 /* Pods-MGPhotoPicker-Demo.debug.xcconfig */;
			buildSettings = {
				ASSETCATALOG_COMPILER_APPICON_NAME = AppIcon;
				DEFINES_MODULE = YES;
				DEVELOPMENT_TEAM = QJWKFR3L8K;
				INFOPLIST_FILE = "MGPhotoPicker-Demo/Info.plist";
				IPHONEOS_DEPLOYMENT_TARGET = 8.0;
				LD_RUNPATH_SEARCH_PATHS = "$(inherited) @executable_path/Frameworks";
				PRODUCT_BUNDLE_IDENTIFIER = com.Texy.Text;
				PRODUCT_MODULE_NAME = MGPhotoPicker;
				PRODUCT_NAME = MGPhotoPicker;
				SWIFT_OBJC_BRIDGING_HEADER = "$(SRCROOT)/Sources/Classes/MGPhotoPocker_Bridging_Header.h";
				SWIFT_OBJC_INTERFACE_HEADER_NAME = "MGPhotoPicker/$(SWIFT_MODULE_NAME)-Swift.h";
				SWIFT_VERSION = 3.0;
			};
			name = Debug;
		};
		E4F427521F4000880011CAD0 /* Release */ = {
			isa = XCBuildConfiguration;
			baseConfigurationReference = E7BF7E7ACC77B61D0C1475F0 /* Pods-MGPhotoPicker-Demo.release.xcconfig */;
			buildSettings = {
				ASSETCATALOG_COMPILER_APPICON_NAME = AppIcon;
				DEFINES_MODULE = YES;
				DEVELOPMENT_TEAM = QJWKFR3L8K;
				INFOPLIST_FILE = "MGPhotoPicker-Demo/Info.plist";
				IPHONEOS_DEPLOYMENT_TARGET = 8.0;
				LD_RUNPATH_SEARCH_PATHS = "$(inherited) @executable_path/Frameworks";
				PRODUCT_BUNDLE_IDENTIFIER = com.Texy.Text;
				PRODUCT_MODULE_NAME = MGPhotoPicker;
				PRODUCT_NAME = MGPhotoPicker;
				SWIFT_OBJC_BRIDGING_HEADER = "$(SRCROOT)/Sources/Classes/MGPhotoPocker_Bridging_Header.h";
				SWIFT_OBJC_INTERFACE_HEADER_NAME = "MGPhotoPicker/$(SWIFT_MODULE_NAME)-Swift.h";
				SWIFT_VERSION = 3.0;
			};
			name = Release;
		};
		E4F427541F4000880011CAD0 /* Debug */ = {
			isa = XCBuildConfiguration;
			baseConfigurationReference = F61FC6197C79374465A420A7 /* Pods-MGPhotoPicker-DemoTests.debug.xcconfig */;
			buildSettings = {
				ALWAYS_EMBED_SWIFT_STANDARD_LIBRARIES = YES;
				BUNDLE_LOADER = "$(TEST_HOST)";
				DEVELOPMENT_TEAM = QJWKFR3L8K;
				INFOPLIST_FILE = "MGPhotoPicker-DemoTests/Info.plist";
				LD_RUNPATH_SEARCH_PATHS = "$(inherited) @executable_path/Frameworks @loader_path/Frameworks";
				PRODUCT_BUNDLE_IDENTIFIER = "com.Texy.MGPhotoPicker-DemoTests";
				PRODUCT_NAME = "$(TARGET_NAME)";
				SWIFT_VERSION = 3.0;
				TEST_HOST = "$(BUILT_PRODUCTS_DIR)/MGPhotoPicker-Demo.app/MGPhotoPicker-Demo";
			};
			name = Debug;
		};
		E4F427551F4000880011CAD0 /* Release */ = {
			isa = XCBuildConfiguration;
			baseConfigurationReference = EC056E99284AE79E43816331 /* Pods-MGPhotoPicker-DemoTests.release.xcconfig */;
			buildSettings = {
				ALWAYS_EMBED_SWIFT_STANDARD_LIBRARIES = YES;
				BUNDLE_LOADER = "$(TEST_HOST)";
				DEVELOPMENT_TEAM = QJWKFR3L8K;
				INFOPLIST_FILE = "MGPhotoPicker-DemoTests/Info.plist";
				LD_RUNPATH_SEARCH_PATHS = "$(inherited) @executable_path/Frameworks @loader_path/Frameworks";
				PRODUCT_BUNDLE_IDENTIFIER = "com.Texy.MGPhotoPicker-DemoTests";
				PRODUCT_NAME = "$(TARGET_NAME)";
				SWIFT_VERSION = 3.0;
				TEST_HOST = "$(BUILT_PRODUCTS_DIR)/MGPhotoPicker-Demo.app/MGPhotoPicker-Demo";
			};
			name = Release;
		};
		E4F427571F4000880011CAD0 /* Debug */ = {
			isa = XCBuildConfiguration;
			baseConfigurationReference = C530EC16DC0F9567B94A7BDF /* Pods-MGPhotoPicker-DemoUITests.debug.xcconfig */;
			buildSettings = {
				ALWAYS_EMBED_SWIFT_STANDARD_LIBRARIES = YES;
				DEVELOPMENT_TEAM = QJWKFR3L8K;
				INFOPLIST_FILE = "MGPhotoPicker-DemoUITests/Info.plist";
				LD_RUNPATH_SEARCH_PATHS = "$(inherited) @executable_path/Frameworks @loader_path/Frameworks";
				PRODUCT_BUNDLE_IDENTIFIER = "com.Texy.MGPhotoPicker-DemoUITests";
				PRODUCT_NAME = "$(TARGET_NAME)";
				SWIFT_VERSION = 3.0;
				TEST_TARGET_NAME = "MGPhotoPicker-Demo";
			};
			name = Debug;
		};
		E4F427581F4000880011CAD0 /* Release */ = {
			isa = XCBuildConfiguration;
			baseConfigurationReference = 0A25B824031CD9342EA57E96 /* Pods-MGPhotoPicker-DemoUITests.release.xcconfig */;
			buildSettings = {
				ALWAYS_EMBED_SWIFT_STANDARD_LIBRARIES = YES;
				DEVELOPMENT_TEAM = QJWKFR3L8K;
				INFOPLIST_FILE = "MGPhotoPicker-DemoUITests/Info.plist";
				LD_RUNPATH_SEARCH_PATHS = "$(inherited) @executable_path/Frameworks @loader_path/Frameworks";
				PRODUCT_BUNDLE_IDENTIFIER = "com.Texy.MGPhotoPicker-DemoUITests";
				PRODUCT_NAME = "$(TARGET_NAME)";
				SWIFT_VERSION = 3.0;
				TEST_TARGET_NAME = "MGPhotoPicker-Demo";
			};
			name = Release;
		};
/* End XCBuildConfiguration section */

/* Begin XCConfigurationList section */
		E4F427231F4000880011CAD0 /* Build configuration list for PBXProject "MGPhotoPicker-Demo" */ = {
			isa = XCConfigurationList;
			buildConfigurations = (
				E4F4274E1F4000880011CAD0 /* Debug */,
				E4F4274F1F4000880011CAD0 /* Release */,
			);
			defaultConfigurationIsVisible = 0;
			defaultConfigurationName = Release;
		};
		E4F427501F4000880011CAD0 /* Build configuration list for PBXNativeTarget "MGPhotoPicker-Demo" */ = {
			isa = XCConfigurationList;
			buildConfigurations = (
				E4F427511F4000880011CAD0 /* Debug */,
				E4F427521F4000880011CAD0 /* Release */,
			);
			defaultConfigurationIsVisible = 0;
			defaultConfigurationName = Release;
		};
		E4F427531F4000880011CAD0 /* Build configuration list for PBXNativeTarget "MGPhotoPicker-DemoTests" */ = {
			isa = XCConfigurationList;
			buildConfigurations = (
				E4F427541F4000880011CAD0 /* Debug */,
				E4F427551F4000880011CAD0 /* Release */,
			);
			defaultConfigurationIsVisible = 0;
			defaultConfigurationName = Release;
		};
		E4F427561F4000880011CAD0 /* Build configuration list for PBXNativeTarget "MGPhotoPicker-DemoUITests" */ = {
			isa = XCConfigurationList;
			buildConfigurations = (
				E4F427571F4000880011CAD0 /* Debug */,
				E4F427581F4000880011CAD0 /* Release */,
			);
			defaultConfigurationIsVisible = 0;
			defaultConfigurationName = Release;
		};
/* End XCConfigurationList section */
	};
	rootObject = E4F427201F4000880011CAD0 /* Project object */;
}
